// !$*UTF8*$!
{
	archiveVersion = 1;
	classes = {
	};
	objectVersion = 46;
	objects = {

/* Begin PBXBuildFile section */
		271431891AB0C318002F9527 /* UIViewToUIImageExtension.swift in Sources */ = {isa = PBXBuildFile; fileRef = 271431881AB0C318002F9527 /* UIViewToUIImageExtension.swift */; };
		2714318B1AB0C463002F9527 /* FacebookHelper.swift in Sources */ = {isa = PBXBuildFile; fileRef = 2714318A1AB0C462002F9527 /* FacebookHelper.swift */; };
		2714318D1AB0CA63002F9527 /* UIViewControllerAlertViewExtension.swift in Sources */ = {isa = PBXBuildFile; fileRef = 2714318C1AB0CA62002F9527 /* UIViewControllerAlertViewExtension.swift */; };
		271431911AB0D181002F9527 /* Fabric.framework in Frameworks */ = {isa = PBXBuildFile; fileRef = 2714318E1AB0D181002F9527 /* Fabric.framework */; };
		271431921AB0D182002F9527 /* TwitterKit.framework in Frameworks */ = {isa = PBXBuildFile; fileRef = 2714318F1AB0D181002F9527 /* TwitterKit.framework */; };
		271431931AB0D182002F9527 /* TwitterKitResources.bundle in Resources */ = {isa = PBXBuildFile; fileRef = 271431901AB0D181002F9527 /* TwitterKitResources.bundle */; };
		271431961AB0D27D002F9527 /* TwitterHelper.swift in Sources */ = {isa = PBXBuildFile; fileRef = 271431951AB0D27C002F9527 /* TwitterHelper.swift */; };
		271D0DC71ABAD8E400227DE7 /* Requests.swift in Sources */ = {isa = PBXBuildFile; fileRef = 271D0DC61ABAD8E400227DE7 /* Requests.swift */; };
		27810DF11AB7297300223350 /* PrimaryDapps.swift in Sources */ = {isa = PBXBuildFile; fileRef = 27810DF01AB7297300223350 /* PrimaryDapps.swift */; };
		278B782A1AB86B0500EB39AB /* DappsDownloader.swift in Sources */ = {isa = PBXBuildFile; fileRef = 278B78291AB86B0500EB39AB /* DappsDownloader.swift */; };
		279A31221AB30EA700850508 /* EditDappsTableViewController.swift in Sources */ = {isa = PBXBuildFile; fileRef = 279A31211AB30EA700850508 /* EditDappsTableViewController.swift */; };
		279A31241AB31CE700850508 /* DappsTableViewController.swift in Sources */ = {isa = PBXBuildFile; fileRef = 279A31231AB31CE700850508 /* DappsTableViewController.swift */; };
		279A31261AB333AC00850508 /* Enums.swift in Sources */ = {isa = PBXBuildFile; fileRef = 279A31251AB333AC00850508 /* Enums.swift */; };
		27BA7D821ABC2B4100E480AD /* DappsViewController.swift in Sources */ = {isa = PBXBuildFile; fileRef = 27BA7D811ABC2B4100E480AD /* DappsViewController.swift */; };
		4C1D14F01AC9446A00040DE1 /* Crashlytics.framework in Frameworks */ = {isa = PBXBuildFile; fileRef = 4C1D14EF1AC9446A00040DE1 /* Crashlytics.framework */; };
		4C1D14F21AC9476700040DE1 /* Exo-Black.otf in Resources */ = {isa = PBXBuildFile; fileRef = 4C1D14F11AC9476700040DE1 /* Exo-Black.otf */; };
		4C1D14F31AC9476700040DE1 /* Exo-Black.otf in Resources */ = {isa = PBXBuildFile; fileRef = 4C1D14F11AC9476700040DE1 /* Exo-Black.otf */; };
		4CD252C51AA75B33006C9C2E /* FinalDappSubmitViewController.swift in Sources */ = {isa = PBXBuildFile; fileRef = 4CD252C41AA75B33006C9C2E /* FinalDappSubmitViewController.swift */; };
		4CD9C97B1AA1D59900046CA2 /* AppDelegate.swift in Sources */ = {isa = PBXBuildFile; fileRef = 4CD9C97A1AA1D59900046CA2 /* AppDelegate.swift */; };
		4CD9C97E1AA1D59900046CA2 /* DappSign.xcdatamodeld in Sources */ = {isa = PBXBuildFile; fileRef = 4CD9C97C1AA1D59900046CA2 /* DappSign.xcdatamodeld */; };
		4CD9C9801AA1D59900046CA2 /* ViewController.swift in Sources */ = {isa = PBXBuildFile; fileRef = 4CD9C97F1AA1D59900046CA2 /* ViewController.swift */; };
		4CD9C9831AA1D59900046CA2 /* Main.storyboard in Resources */ = {isa = PBXBuildFile; fileRef = 4CD9C9811AA1D59900046CA2 /* Main.storyboard */; };
		4CD9C9851AA1D59900046CA2 /* Images.xcassets in Resources */ = {isa = PBXBuildFile; fileRef = 4CD9C9841AA1D59900046CA2 /* Images.xcassets */; };
		4CD9C9881AA1D59900046CA2 /* LaunchScreen.xib in Resources */ = {isa = PBXBuildFile; fileRef = 4CD9C9861AA1D59900046CA2 /* LaunchScreen.xib */; };
		4CD9C9941AA1D59900046CA2 /* DappSignTests.swift in Sources */ = {isa = PBXBuildFile; fileRef = 4CD9C9931AA1D59900046CA2 /* DappSignTests.swift */; };
		4CD9C9A41AA1DDEE00046CA2 /* Parse.framework in Frameworks */ = {isa = PBXBuildFile; fileRef = 4CD9C9A21AA1DDEE00046CA2 /* Parse.framework */; };
		4CD9C9A61AA1DE1D00046CA2 /* AudioToolbox.framework in Frameworks */ = {isa = PBXBuildFile; fileRef = 4CD9C9A51AA1DE1D00046CA2 /* AudioToolbox.framework */; };
		4CD9C9A81AA1DE2600046CA2 /* CFNetwork.framework in Frameworks */ = {isa = PBXBuildFile; fileRef = 4CD9C9A71AA1DE2600046CA2 /* CFNetwork.framework */; };
		4CD9C9AA1AA1DE3000046CA2 /* CoreGraphics.framework in Frameworks */ = {isa = PBXBuildFile; fileRef = 4CD9C9A91AA1DE3000046CA2 /* CoreGraphics.framework */; };
		4CD9C9AC1AA1DE3700046CA2 /* CoreLocation.framework in Frameworks */ = {isa = PBXBuildFile; fileRef = 4CD9C9AB1AA1DE3700046CA2 /* CoreLocation.framework */; };
		4CD9C9AE1AA1DE4300046CA2 /* MobileCoreServices.framework in Frameworks */ = {isa = PBXBuildFile; fileRef = 4CD9C9AD1AA1DE4300046CA2 /* MobileCoreServices.framework */; };
		4CD9C9B01AA1DE4E00046CA2 /* QuartzCore.framework in Frameworks */ = {isa = PBXBuildFile; fileRef = 4CD9C9AF1AA1DE4E00046CA2 /* QuartzCore.framework */; };
		4CD9C9B21AA1DE5500046CA2 /* Security.framework in Frameworks */ = {isa = PBXBuildFile; fileRef = 4CD9C9B11AA1DE5500046CA2 /* Security.framework */; };
		4CD9C9B41AA1DE5F00046CA2 /* StoreKit.framework in Frameworks */ = {isa = PBXBuildFile; fileRef = 4CD9C9B31AA1DE5F00046CA2 /* StoreKit.framework */; };
		4CD9C9B61AA1DE6F00046CA2 /* SystemConfiguration.framework in Frameworks */ = {isa = PBXBuildFile; fileRef = 4CD9C9B51AA1DE6F00046CA2 /* SystemConfiguration.framework */; };
		4CD9C9B81AA1DE7800046CA2 /* libz.dylib in Frameworks */ = {isa = PBXBuildFile; fileRef = 4CD9C9B71AA1DE7800046CA2 /* libz.dylib */; };
		4CD9C9BC1AA1DED900046CA2 /* libsqlite3.dylib in Frameworks */ = {isa = PBXBuildFile; fileRef = 4CD9C9BB1AA1DED900046CA2 /* libsqlite3.dylib */; };
		4CD9C9BE1AA1EBBD00046CA2 /* HomeViewController.swift in Sources */ = {isa = PBXBuildFile; fileRef = 4CD9C9BD1AA1EBBD00046CA2 /* HomeViewController.swift */; };
		4CD9C9C71AA1EC1A00046CA2 /* BlurView.swift in Sources */ = {isa = PBXBuildFile; fileRef = 4CD9C9C01AA1EC1A00046CA2 /* BlurView.swift */; };
		4CD9C9C81AA1EC1A00046CA2 /* DappColors.swift in Sources */ = {isa = PBXBuildFile; fileRef = 4CD9C9C11AA1EC1A00046CA2 /* DappColors.swift */; };
		4CD9C9C91AA1EC1A00046CA2 /* DappFonts.swift in Sources */ = {isa = PBXBuildFile; fileRef = 4CD9C9C21AA1EC1A00046CA2 /* DappFonts.swift */; };
		4CD9C9CA1AA1EC1A00046CA2 /* Data.swift in Sources */ = {isa = PBXBuildFile; fileRef = 4CD9C9C31AA1EC1A00046CA2 /* Data.swift */; };
		4CD9C9CB1AA1EC1A00046CA2 /* DesignableView.swift in Sources */ = {isa = PBXBuildFile; fileRef = 4CD9C9C41AA1EC1A00046CA2 /* DesignableView.swift */; };
		4CD9C9CC1AA1EC1A00046CA2 /* Misc.swift in Sources */ = {isa = PBXBuildFile; fileRef = 4CD9C9C51AA1EC1A00046CA2 /* Misc.swift */; };
		4CD9C9CD1AA1EC1A00046CA2 /* SpringAnimation.swift in Sources */ = {isa = PBXBuildFile; fileRef = 4CD9C9C61AA1EC1A00046CA2 /* SpringAnimation.swift */; };
		4CD9C9D81AA21A5100046CA2 /* banksia.ttf in Resources */ = {isa = PBXBuildFile; fileRef = 4CD9C9CF1AA21A5100046CA2 /* banksia.ttf */; };
		4CD9C9D91AA21A5100046CA2 /* Bellota-Regular.otf in Resources */ = {isa = PBXBuildFile; fileRef = 4CD9C9D01AA21A5100046CA2 /* Bellota-Regular.otf */; };
		4CD9C9DA1AA21A5100046CA2 /* Capture_it.ttf in Resources */ = {isa = PBXBuildFile; fileRef = 4CD9C9D11AA21A5100046CA2 /* Capture_it.ttf */; };
		4CD9C9DB1AA21A5100046CA2 /* Elsie-Regular.otf in Resources */ = {isa = PBXBuildFile; fileRef = 4CD9C9D21AA21A5100046CA2 /* Elsie-Regular.otf */; };
		4CD9C9DC1AA21A5100046CA2 /* Exo-Regular.otf in Resources */ = {isa = PBXBuildFile; fileRef = 4CD9C9D31AA21A5100046CA2 /* Exo-Regular.otf */; };
		4CD9C9DD1AA21A5100046CA2 /* KlinicSlabMedium.otf in Resources */ = {isa = PBXBuildFile; fileRef = 4CD9C9D41AA21A5100046CA2 /* KlinicSlabMedium.otf */; };
		4CD9C9DE1AA21A5100046CA2 /* PrintClearly.otf in Resources */ = {isa = PBXBuildFile; fileRef = 4CD9C9D51AA21A5100046CA2 /* PrintClearly.otf */; };
		4CD9C9DF1AA21A5100046CA2 /* Sansation-Regular.ttf in Resources */ = {isa = PBXBuildFile; fileRef = 4CD9C9D61AA21A5100046CA2 /* Sansation-Regular.ttf */; };
		4CD9C9E01AA21A5100046CA2 /* Walkway_SemiBold.ttf in Resources */ = {isa = PBXBuildFile; fileRef = 4CD9C9D71AA21A5100046CA2 /* Walkway_SemiBold.ttf */; };
		4CD9C9E41AA4425600046CA2 /* AddDappViewController.swift in Sources */ = {isa = PBXBuildFile; fileRef = 4CD9C9E31AA4425600046CA2 /* AddDappViewController.swift */; };
		4CD9C9E61AA4FA1900046CA2 /* ProfileViewController.swift in Sources */ = {isa = PBXBuildFile; fileRef = 4CD9C9E51AA4FA1900046CA2 /* ProfileViewController.swift */; };
		84726EE61ABD6DDB003EA408 /* NSObjectPerformOnlyOneTime.swift in Sources */ = {isa = PBXBuildFile; fileRef = 84726EE51ABD6DDB003EA408 /* NSObjectPerformOnlyOneTime.swift */; };
		849A63E61ABB7C6200A10BEF /* SearchTableViewController.swift in Sources */ = {isa = PBXBuildFile; fileRef = 849A63E51ABB7C6200A10BEF /* SearchTableViewController.swift */; };
		84C3D34E1AB4D4DD00E0F350 /* DappQueriesBuilder.swift in Sources */ = {isa = PBXBuildFile; fileRef = 84C3D34D1AB4D4DD00E0F350 /* DappQueriesBuilder.swift */; };
		84C3D3871AB6030E00E0F350 /* DappCardCell.swift in Sources */ = {isa = PBXBuildFile; fileRef = 84C3D3861AB6030E00E0F350 /* DappCardCell.swift */; };
		84C648B71ABDA85300C1B4D8 /* DappProfileCell.swift in Sources */ = {isa = PBXBuildFile; fileRef = 84C648B61ABDA85300C1B4D8 /* DappProfileCell.swift */; };
		84D8487F1AC726D000D1B3F9 /* NSMutableArray+SWUtilityButtons.m in Sources */ = {isa = PBXBuildFile; fileRef = 84D848741AC726D000D1B3F9 /* NSMutableArray+SWUtilityButtons.m */; };
		84D848801AC726D000D1B3F9 /* SWCellScrollView.m in Sources */ = {isa = PBXBuildFile; fileRef = 84D848761AC726D000D1B3F9 /* SWCellScrollView.m */; };
		84D848811AC726D000D1B3F9 /* SWLongPressGestureRecognizer.m in Sources */ = {isa = PBXBuildFile; fileRef = 84D848781AC726D000D1B3F9 /* SWLongPressGestureRecognizer.m */; };
		84D848821AC726D000D1B3F9 /* SWTableViewCell.m in Sources */ = {isa = PBXBuildFile; fileRef = 84D8487A1AC726D000D1B3F9 /* SWTableViewCell.m */; };
		84D848831AC726D000D1B3F9 /* SWUtilityButtonTapGestureRecognizer.m in Sources */ = {isa = PBXBuildFile; fileRef = 84D8487C1AC726D000D1B3F9 /* SWUtilityButtonTapGestureRecognizer.m */; };
		84D848841AC726D000D1B3F9 /* SWUtilityButtonView.m in Sources */ = {isa = PBXBuildFile; fileRef = 84D8487E1AC726D000D1B3F9 /* SWUtilityButtonView.m */; };
		B377145B1ACCEFFE00B5AE77 /* Bolts.framework in Frameworks */ = {isa = PBXBuildFile; fileRef = B377145A1ACCEFFE00B5AE77 /* Bolts.framework */; };
		B37714611ACCFD2100B5AE77 /* FBAudienceNetwork.framework in Frameworks */ = {isa = PBXBuildFile; fileRef = B377145C1ACCFD2100B5AE77 /* FBAudienceNetwork.framework */; };
		B37714621ACCFD2100B5AE77 /* FBSDKCoreKit.framework in Frameworks */ = {isa = PBXBuildFile; fileRef = B377145D1ACCFD2100B5AE77 /* FBSDKCoreKit.framework */; };
		B37714631ACCFD2100B5AE77 /* FBSDKLoginKit.framework in Frameworks */ = {isa = PBXBuildFile; fileRef = B377145E1ACCFD2100B5AE77 /* FBSDKLoginKit.framework */; };
		B37714641ACCFD2100B5AE77 /* FBSDKMessengerShareKit.framework in Frameworks */ = {isa = PBXBuildFile; fileRef = B377145F1ACCFD2100B5AE77 /* FBSDKMessengerShareKit.framework */; };
		B37714651ACCFD2100B5AE77 /* FBSDKShareKit.framework in Frameworks */ = {isa = PBXBuildFile; fileRef = B37714601ACCFD2100B5AE77 /* FBSDKShareKit.framework */; };
		B37714671ACCFE4900B5AE77 /* ParseFacebookUtilsV4.framework in Frameworks */ = {isa = PBXBuildFile; fileRef = B37714661ACCFE4900B5AE77 /* ParseFacebookUtilsV4.framework */; };
/* End PBXBuildFile section */

/* Begin PBXContainerItemProxy section */
		4CD9C98E1AA1D59900046CA2 /* PBXContainerItemProxy */ = {
			isa = PBXContainerItemProxy;
			containerPortal = 4CD9C96D1AA1D59900046CA2 /* Project object */;
			proxyType = 1;
			remoteGlobalIDString = 4CD9C9741AA1D59900046CA2;
			remoteInfo = DappSign;
		};
/* End PBXContainerItemProxy section */

/* Begin PBXFileReference section */
		271431881AB0C318002F9527 /* UIViewToUIImageExtension.swift */ = {isa = PBXFileReference; fileEncoding = 4; lastKnownFileType = sourcecode.swift; path = UIViewToUIImageExtension.swift; sourceTree = "<group>"; };
		2714318A1AB0C462002F9527 /* FacebookHelper.swift */ = {isa = PBXFileReference; fileEncoding = 4; lastKnownFileType = sourcecode.swift; path = FacebookHelper.swift; sourceTree = "<group>"; };
		2714318C1AB0CA62002F9527 /* UIViewControllerAlertViewExtension.swift */ = {isa = PBXFileReference; fileEncoding = 4; lastKnownFileType = sourcecode.swift; path = UIViewControllerAlertViewExtension.swift; sourceTree = "<group>"; };
		2714318E1AB0D181002F9527 /* Fabric.framework */ = {isa = PBXFileReference; lastKnownFileType = wrapper.framework; path = Fabric.framework; sourceTree = "<group>"; };
		2714318F1AB0D181002F9527 /* TwitterKit.framework */ = {isa = PBXFileReference; lastKnownFileType = wrapper.framework; path = TwitterKit.framework; sourceTree = "<group>"; };
		271431901AB0D181002F9527 /* TwitterKitResources.bundle */ = {isa = PBXFileReference; lastKnownFileType = "wrapper.plug-in"; path = TwitterKitResources.bundle; sourceTree = "<group>"; };
		271431951AB0D27C002F9527 /* TwitterHelper.swift */ = {isa = PBXFileReference; fileEncoding = 4; lastKnownFileType = sourcecode.swift; path = TwitterHelper.swift; sourceTree = "<group>"; };
		271D0DC61ABAD8E400227DE7 /* Requests.swift */ = {isa = PBXFileReference; fileEncoding = 4; lastKnownFileType = sourcecode.swift; path = Requests.swift; sourceTree = "<group>"; };
		27810DF01AB7297300223350 /* PrimaryDapps.swift */ = {isa = PBXFileReference; fileEncoding = 4; lastKnownFileType = sourcecode.swift; path = PrimaryDapps.swift; sourceTree = "<group>"; };
		278B78291AB86B0500EB39AB /* DappsDownloader.swift */ = {isa = PBXFileReference; fileEncoding = 4; lastKnownFileType = sourcecode.swift; path = DappsDownloader.swift; sourceTree = "<group>"; };
		279A31211AB30EA700850508 /* EditDappsTableViewController.swift */ = {isa = PBXFileReference; fileEncoding = 4; lastKnownFileType = sourcecode.swift; path = EditDappsTableViewController.swift; sourceTree = "<group>"; };
		279A31231AB31CE700850508 /* DappsTableViewController.swift */ = {isa = PBXFileReference; fileEncoding = 4; lastKnownFileType = sourcecode.swift; path = DappsTableViewController.swift; sourceTree = "<group>"; };
		279A31251AB333AC00850508 /* Enums.swift */ = {isa = PBXFileReference; fileEncoding = 4; lastKnownFileType = sourcecode.swift; path = Enums.swift; sourceTree = "<group>"; };
		27BA7D811ABC2B4100E480AD /* DappsViewController.swift */ = {isa = PBXFileReference; fileEncoding = 4; lastKnownFileType = sourcecode.swift; path = DappsViewController.swift; sourceTree = "<group>"; };
		4C1D14EF1AC9446A00040DE1 /* Crashlytics.framework */ = {isa = PBXFileReference; lastKnownFileType = wrapper.framework; path = Crashlytics.framework; sourceTree = SOURCE_ROOT; };
		4C1D14F11AC9476700040DE1 /* Exo-Black.otf */ = {isa = PBXFileReference; lastKnownFileType = file; path = "Exo-Black.otf"; sourceTree = "<group>"; };
		4CD252C41AA75B33006C9C2E /* FinalDappSubmitViewController.swift */ = {isa = PBXFileReference; fileEncoding = 4; lastKnownFileType = sourcecode.swift; path = FinalDappSubmitViewController.swift; sourceTree = "<group>"; };
		4CD9C9751AA1D59900046CA2 /* DappSign.app */ = {isa = PBXFileReference; explicitFileType = wrapper.application; includeInIndex = 0; path = DappSign.app; sourceTree = BUILT_PRODUCTS_DIR; };
		4CD9C9791AA1D59900046CA2 /* Info.plist */ = {isa = PBXFileReference; lastKnownFileType = text.plist.xml; path = Info.plist; sourceTree = "<group>"; };
		4CD9C97A1AA1D59900046CA2 /* AppDelegate.swift */ = {isa = PBXFileReference; lastKnownFileType = sourcecode.swift; path = AppDelegate.swift; sourceTree = "<group>"; };
		4CD9C97D1AA1D59900046CA2 /* DappSign.xcdatamodel */ = {isa = PBXFileReference; lastKnownFileType = wrapper.xcdatamodel; path = DappSign.xcdatamodel; sourceTree = "<group>"; };
		4CD9C97F1AA1D59900046CA2 /* ViewController.swift */ = {isa = PBXFileReference; lastKnownFileType = sourcecode.swift; path = ViewController.swift; sourceTree = "<group>"; };
		4CD9C9821AA1D59900046CA2 /* Base */ = {isa = PBXFileReference; lastKnownFileType = file.storyboard; name = Base; path = Base.lproj/Main.storyboard; sourceTree = "<group>"; };
		4CD9C9841AA1D59900046CA2 /* Images.xcassets */ = {isa = PBXFileReference; lastKnownFileType = folder.assetcatalog; path = Images.xcassets; sourceTree = "<group>"; };
		4CD9C9871AA1D59900046CA2 /* Base */ = {isa = PBXFileReference; lastKnownFileType = file.xib; name = Base; path = Base.lproj/LaunchScreen.xib; sourceTree = "<group>"; };
		4CD9C98D1AA1D59900046CA2 /* DappSignTests.xctest */ = {isa = PBXFileReference; explicitFileType = wrapper.cfbundle; includeInIndex = 0; path = DappSignTests.xctest; sourceTree = BUILT_PRODUCTS_DIR; };
		4CD9C9921AA1D59900046CA2 /* Info.plist */ = {isa = PBXFileReference; lastKnownFileType = text.plist.xml; path = Info.plist; sourceTree = "<group>"; };
		4CD9C9931AA1D59900046CA2 /* DappSignTests.swift */ = {isa = PBXFileReference; lastKnownFileType = sourcecode.swift; path = DappSignTests.swift; sourceTree = "<group>"; };
		4CD9C9A01AA1DC5000046CA2 /* Bridging-Header.h */ = {isa = PBXFileReference; lastKnownFileType = sourcecode.c.h; path = "Bridging-Header.h"; sourceTree = "<group>"; };
		4CD9C9A21AA1DDEE00046CA2 /* Parse.framework */ = {isa = PBXFileReference; lastKnownFileType = wrapper.framework; path = Parse.framework; sourceTree = "<group>"; };
		4CD9C9A51AA1DE1D00046CA2 /* AudioToolbox.framework */ = {isa = PBXFileReference; lastKnownFileType = wrapper.framework; name = AudioToolbox.framework; path = System/Library/Frameworks/AudioToolbox.framework; sourceTree = SDKROOT; };
		4CD9C9A71AA1DE2600046CA2 /* CFNetwork.framework */ = {isa = PBXFileReference; lastKnownFileType = wrapper.framework; name = CFNetwork.framework; path = System/Library/Frameworks/CFNetwork.framework; sourceTree = SDKROOT; };
		4CD9C9A91AA1DE3000046CA2 /* CoreGraphics.framework */ = {isa = PBXFileReference; lastKnownFileType = wrapper.framework; name = CoreGraphics.framework; path = System/Library/Frameworks/CoreGraphics.framework; sourceTree = SDKROOT; };
		4CD9C9AB1AA1DE3700046CA2 /* CoreLocation.framework */ = {isa = PBXFileReference; lastKnownFileType = wrapper.framework; name = CoreLocation.framework; path = System/Library/Frameworks/CoreLocation.framework; sourceTree = SDKROOT; };
		4CD9C9AD1AA1DE4300046CA2 /* MobileCoreServices.framework */ = {isa = PBXFileReference; lastKnownFileType = wrapper.framework; name = MobileCoreServices.framework; path = System/Library/Frameworks/MobileCoreServices.framework; sourceTree = SDKROOT; };
		4CD9C9AF1AA1DE4E00046CA2 /* QuartzCore.framework */ = {isa = PBXFileReference; lastKnownFileType = wrapper.framework; name = QuartzCore.framework; path = System/Library/Frameworks/QuartzCore.framework; sourceTree = SDKROOT; };
		4CD9C9B11AA1DE5500046CA2 /* Security.framework */ = {isa = PBXFileReference; lastKnownFileType = wrapper.framework; name = Security.framework; path = System/Library/Frameworks/Security.framework; sourceTree = SDKROOT; };
		4CD9C9B31AA1DE5F00046CA2 /* StoreKit.framework */ = {isa = PBXFileReference; lastKnownFileType = wrapper.framework; name = StoreKit.framework; path = System/Library/Frameworks/StoreKit.framework; sourceTree = SDKROOT; };
		4CD9C9B51AA1DE6F00046CA2 /* SystemConfiguration.framework */ = {isa = PBXFileReference; lastKnownFileType = wrapper.framework; name = SystemConfiguration.framework; path = System/Library/Frameworks/SystemConfiguration.framework; sourceTree = SDKROOT; };
		4CD9C9B71AA1DE7800046CA2 /* libz.dylib */ = {isa = PBXFileReference; lastKnownFileType = "compiled.mach-o.dylib"; name = libz.dylib; path = usr/lib/libz.dylib; sourceTree = SDKROOT; };
		4CD9C9BB1AA1DED900046CA2 /* libsqlite3.dylib */ = {isa = PBXFileReference; lastKnownFileType = "compiled.mach-o.dylib"; name = libsqlite3.dylib; path = usr/lib/libsqlite3.dylib; sourceTree = SDKROOT; };
		4CD9C9BD1AA1EBBD00046CA2 /* HomeViewController.swift */ = {isa = PBXFileReference; fileEncoding = 4; lastKnownFileType = sourcecode.swift; path = HomeViewController.swift; sourceTree = "<group>"; };
		4CD9C9C01AA1EC1A00046CA2 /* BlurView.swift */ = {isa = PBXFileReference; fileEncoding = 4; lastKnownFileType = sourcecode.swift; path = BlurView.swift; sourceTree = "<group>"; };
		4CD9C9C11AA1EC1A00046CA2 /* DappColors.swift */ = {isa = PBXFileReference; fileEncoding = 4; lastKnownFileType = sourcecode.swift; path = DappColors.swift; sourceTree = "<group>"; };
		4CD9C9C21AA1EC1A00046CA2 /* DappFonts.swift */ = {isa = PBXFileReference; fileEncoding = 4; lastKnownFileType = sourcecode.swift; path = DappFonts.swift; sourceTree = "<group>"; };
		4CD9C9C31AA1EC1A00046CA2 /* Data.swift */ = {isa = PBXFileReference; fileEncoding = 4; lastKnownFileType = sourcecode.swift; path = Data.swift; sourceTree = "<group>"; };
		4CD9C9C41AA1EC1A00046CA2 /* DesignableView.swift */ = {isa = PBXFileReference; fileEncoding = 4; lastKnownFileType = sourcecode.swift; path = DesignableView.swift; sourceTree = "<group>"; };
		4CD9C9C51AA1EC1A00046CA2 /* Misc.swift */ = {isa = PBXFileReference; fileEncoding = 4; lastKnownFileType = sourcecode.swift; path = Misc.swift; sourceTree = "<group>"; };
		4CD9C9C61AA1EC1A00046CA2 /* SpringAnimation.swift */ = {isa = PBXFileReference; fileEncoding = 4; lastKnownFileType = sourcecode.swift; path = SpringAnimation.swift; sourceTree = "<group>"; };
		4CD9C9CF1AA21A5100046CA2 /* banksia.ttf */ = {isa = PBXFileReference; lastKnownFileType = file; path = banksia.ttf; sourceTree = "<group>"; };
		4CD9C9D01AA21A5100046CA2 /* Bellota-Regular.otf */ = {isa = PBXFileReference; lastKnownFileType = file; path = "Bellota-Regular.otf"; sourceTree = "<group>"; };
		4CD9C9D11AA21A5100046CA2 /* Capture_it.ttf */ = {isa = PBXFileReference; lastKnownFileType = file; path = Capture_it.ttf; sourceTree = "<group>"; };
		4CD9C9D21AA21A5100046CA2 /* Elsie-Regular.otf */ = {isa = PBXFileReference; lastKnownFileType = file; path = "Elsie-Regular.otf"; sourceTree = "<group>"; };
		4CD9C9D31AA21A5100046CA2 /* Exo-Regular.otf */ = {isa = PBXFileReference; lastKnownFileType = file; path = "Exo-Regular.otf"; sourceTree = "<group>"; };
		4CD9C9D41AA21A5100046CA2 /* KlinicSlabMedium.otf */ = {isa = PBXFileReference; lastKnownFileType = file; path = KlinicSlabMedium.otf; sourceTree = "<group>"; };
		4CD9C9D51AA21A5100046CA2 /* PrintClearly.otf */ = {isa = PBXFileReference; lastKnownFileType = file; path = PrintClearly.otf; sourceTree = "<group>"; };
		4CD9C9D61AA21A5100046CA2 /* Sansation-Regular.ttf */ = {isa = PBXFileReference; lastKnownFileType = file; path = "Sansation-Regular.ttf"; sourceTree = "<group>"; };
		4CD9C9D71AA21A5100046CA2 /* Walkway_SemiBold.ttf */ = {isa = PBXFileReference; lastKnownFileType = file; path = Walkway_SemiBold.ttf; sourceTree = "<group>"; };
		4CD9C9E11AA21C4C00046CA2 /* Exo-SemiBold.otf */ = {isa = PBXFileReference; lastKnownFileType = file; path = "Exo-SemiBold.otf"; sourceTree = "<group>"; };
		4CD9C9E31AA4425600046CA2 /* AddDappViewController.swift */ = {isa = PBXFileReference; fileEncoding = 4; lastKnownFileType = sourcecode.swift; path = AddDappViewController.swift; sourceTree = "<group>"; };
		4CD9C9E51AA4FA1900046CA2 /* ProfileViewController.swift */ = {isa = PBXFileReference; fileEncoding = 4; lastKnownFileType = sourcecode.swift; path = ProfileViewController.swift; sourceTree = "<group>"; };
		84726EE51ABD6DDB003EA408 /* NSObjectPerformOnlyOneTime.swift */ = {isa = PBXFileReference; fileEncoding = 4; lastKnownFileType = sourcecode.swift; path = NSObjectPerformOnlyOneTime.swift; sourceTree = "<group>"; };
		849A63E51ABB7C6200A10BEF /* SearchTableViewController.swift */ = {isa = PBXFileReference; fileEncoding = 4; lastKnownFileType = sourcecode.swift; path = SearchTableViewController.swift; sourceTree = "<group>"; };
		84C3D34D1AB4D4DD00E0F350 /* DappQueriesBuilder.swift */ = {isa = PBXFileReference; fileEncoding = 4; lastKnownFileType = sourcecode.swift; path = DappQueriesBuilder.swift; sourceTree = "<group>"; };
		84C3D3861AB6030E00E0F350 /* DappCardCell.swift */ = {isa = PBXFileReference; fileEncoding = 4; lastKnownFileType = sourcecode.swift; path = DappCardCell.swift; sourceTree = "<group>"; };
		84C648B61ABDA85300C1B4D8 /* DappProfileCell.swift */ = {isa = PBXFileReference; fileEncoding = 4; lastKnownFileType = sourcecode.swift; path = DappProfileCell.swift; sourceTree = "<group>"; };
		84D848731AC726D000D1B3F9 /* NSMutableArray+SWUtilityButtons.h */ = {isa = PBXFileReference; fileEncoding = 4; lastKnownFileType = sourcecode.c.h; path = "NSMutableArray+SWUtilityButtons.h"; sourceTree = "<group>"; };
		84D848741AC726D000D1B3F9 /* NSMutableArray+SWUtilityButtons.m */ = {isa = PBXFileReference; fileEncoding = 4; lastKnownFileType = sourcecode.c.objc; path = "NSMutableArray+SWUtilityButtons.m"; sourceTree = "<group>"; };
		84D848751AC726D000D1B3F9 /* SWCellScrollView.h */ = {isa = PBXFileReference; fileEncoding = 4; lastKnownFileType = sourcecode.c.h; path = SWCellScrollView.h; sourceTree = "<group>"; };
		84D848761AC726D000D1B3F9 /* SWCellScrollView.m */ = {isa = PBXFileReference; fileEncoding = 4; lastKnownFileType = sourcecode.c.objc; path = SWCellScrollView.m; sourceTree = "<group>"; };
		84D848771AC726D000D1B3F9 /* SWLongPressGestureRecognizer.h */ = {isa = PBXFileReference; fileEncoding = 4; lastKnownFileType = sourcecode.c.h; path = SWLongPressGestureRecognizer.h; sourceTree = "<group>"; };
		84D848781AC726D000D1B3F9 /* SWLongPressGestureRecognizer.m */ = {isa = PBXFileReference; fileEncoding = 4; lastKnownFileType = sourcecode.c.objc; path = SWLongPressGestureRecognizer.m; sourceTree = "<group>"; };
		84D848791AC726D000D1B3F9 /* SWTableViewCell.h */ = {isa = PBXFileReference; fileEncoding = 4; lastKnownFileType = sourcecode.c.h; path = SWTableViewCell.h; sourceTree = "<group>"; };
		84D8487A1AC726D000D1B3F9 /* SWTableViewCell.m */ = {isa = PBXFileReference; fileEncoding = 4; lastKnownFileType = sourcecode.c.objc; path = SWTableViewCell.m; sourceTree = "<group>"; };
		84D8487B1AC726D000D1B3F9 /* SWUtilityButtonTapGestureRecognizer.h */ = {isa = PBXFileReference; fileEncoding = 4; lastKnownFileType = sourcecode.c.h; path = SWUtilityButtonTapGestureRecognizer.h; sourceTree = "<group>"; };
		84D8487C1AC726D000D1B3F9 /* SWUtilityButtonTapGestureRecognizer.m */ = {isa = PBXFileReference; fileEncoding = 4; lastKnownFileType = sourcecode.c.objc; path = SWUtilityButtonTapGestureRecognizer.m; sourceTree = "<group>"; };
		84D8487D1AC726D000D1B3F9 /* SWUtilityButtonView.h */ = {isa = PBXFileReference; fileEncoding = 4; lastKnownFileType = sourcecode.c.h; path = SWUtilityButtonView.h; sourceTree = "<group>"; };
		84D8487E1AC726D000D1B3F9 /* SWUtilityButtonView.m */ = {isa = PBXFileReference; fileEncoding = 4; lastKnownFileType = sourcecode.c.objc; path = SWUtilityButtonView.m; sourceTree = "<group>"; };
		B377145A1ACCEFFE00B5AE77 /* Bolts.framework */ = {isa = PBXFileReference; lastKnownFileType = wrapper.framework; path = Bolts.framework; sourceTree = "<group>"; };
		B377145C1ACCFD2100B5AE77 /* FBAudienceNetwork.framework */ = {isa = PBXFileReference; lastKnownFileType = wrapper.framework; path = FBAudienceNetwork.framework; sourceTree = "<group>"; };
		B377145D1ACCFD2100B5AE77 /* FBSDKCoreKit.framework */ = {isa = PBXFileReference; lastKnownFileType = wrapper.framework; path = FBSDKCoreKit.framework; sourceTree = "<group>"; };
		B377145E1ACCFD2100B5AE77 /* FBSDKLoginKit.framework */ = {isa = PBXFileReference; lastKnownFileType = wrapper.framework; path = FBSDKLoginKit.framework; sourceTree = "<group>"; };
		B377145F1ACCFD2100B5AE77 /* FBSDKMessengerShareKit.framework */ = {isa = PBXFileReference; lastKnownFileType = wrapper.framework; path = FBSDKMessengerShareKit.framework; sourceTree = "<group>"; };
		B37714601ACCFD2100B5AE77 /* FBSDKShareKit.framework */ = {isa = PBXFileReference; lastKnownFileType = wrapper.framework; path = FBSDKShareKit.framework; sourceTree = "<group>"; };
		B37714661ACCFE4900B5AE77 /* ParseFacebookUtilsV4.framework */ = {isa = PBXFileReference; lastKnownFileType = wrapper.framework; path = ParseFacebookUtilsV4.framework; sourceTree = "<group>"; };
/* End PBXFileReference section */

/* Begin PBXFrameworksBuildPhase section */
		4CD9C9721AA1D59900046CA2 /* Frameworks */ = {
			isa = PBXFrameworksBuildPhase;
			buildActionMask = 2147483647;
			files = (
				4CD9C9BC1AA1DED900046CA2 /* libsqlite3.dylib in Frameworks */,
				B37714631ACCFD2100B5AE77 /* FBSDKLoginKit.framework in Frameworks */,
				4CD9C9B81AA1DE7800046CA2 /* libz.dylib in Frameworks */,
				4CD9C9B61AA1DE6F00046CA2 /* SystemConfiguration.framework in Frameworks */,
				4CD9C9B41AA1DE5F00046CA2 /* StoreKit.framework in Frameworks */,
				B37714651ACCFD2100B5AE77 /* FBSDKShareKit.framework in Frameworks */,
				4CD9C9B21AA1DE5500046CA2 /* Security.framework in Frameworks */,
				4CD9C9B01AA1DE4E00046CA2 /* QuartzCore.framework in Frameworks */,
				4C1D14F01AC9446A00040DE1 /* Crashlytics.framework in Frameworks */,
				B37714621ACCFD2100B5AE77 /* FBSDKCoreKit.framework in Frameworks */,
				B37714671ACCFE4900B5AE77 /* ParseFacebookUtilsV4.framework in Frameworks */,
				4CD9C9AE1AA1DE4300046CA2 /* MobileCoreServices.framework in Frameworks */,
				4CD9C9AC1AA1DE3700046CA2 /* CoreLocation.framework in Frameworks */,
				4CD9C9AA1AA1DE3000046CA2 /* CoreGraphics.framework in Frameworks */,
				B37714641ACCFD2100B5AE77 /* FBSDKMessengerShareKit.framework in Frameworks */,
				271431921AB0D182002F9527 /* TwitterKit.framework in Frameworks */,
				271431911AB0D181002F9527 /* Fabric.framework in Frameworks */,
				4CD9C9A81AA1DE2600046CA2 /* CFNetwork.framework in Frameworks */,
				B377145B1ACCEFFE00B5AE77 /* Bolts.framework in Frameworks */,
				B37714611ACCFD2100B5AE77 /* FBAudienceNetwork.framework in Frameworks */,
				4CD9C9A61AA1DE1D00046CA2 /* AudioToolbox.framework in Frameworks */,
				4CD9C9A41AA1DDEE00046CA2 /* Parse.framework in Frameworks */,
			);
			runOnlyForDeploymentPostprocessing = 0;
		};
		4CD9C98A1AA1D59900046CA2 /* Frameworks */ = {
			isa = PBXFrameworksBuildPhase;
			buildActionMask = 2147483647;
			files = (
			);
			runOnlyForDeploymentPostprocessing = 0;
		};
/* End PBXFrameworksBuildPhase section */

/* Begin PBXGroup section */
		4CD9C96C1AA1D59900046CA2 = {
			isa = PBXGroup;
			children = (
				4CD9C9771AA1D59900046CA2 /* DappSign */,
				4CD9C9901AA1D59900046CA2 /* DappSignTests */,
				4CD9C9761AA1D59900046CA2 /* Products */,
			);
			sourceTree = "<group>";
		};
		4CD9C9761AA1D59900046CA2 /* Products */ = {
			isa = PBXGroup;
			children = (
				4CD9C9751AA1D59900046CA2 /* DappSign.app */,
				4CD9C98D1AA1D59900046CA2 /* DappSignTests.xctest */,
			);
			name = Products;
			sourceTree = "<group>";
		};
		4CD9C9771AA1D59900046CA2 /* DappSign */ = {
			isa = PBXGroup;
			children = (
				84C3D3851AB602A600E0F350 /* Other */,
				84C3D3841AB5FF0500E0F350 /* Extensions */,
				84C3D3831AB5FEF500E0F350 /* Helpers */,
				84C3D3821AB5FECF00E0F350 /* View Controllers */,
				84C3D3811AB5FEC700E0F350 /* Views */,
				4CD9C9A01AA1DC5000046CA2 /* Bridging-Header.h */,
				4CD9C97A1AA1D59900046CA2 /* AppDelegate.swift */,
				4CD9C9811AA1D59900046CA2 /* Main.storyboard */,
				4CD9C9841AA1D59900046CA2 /* Images.xcassets */,
				4CD9C9861AA1D59900046CA2 /* LaunchScreen.xib */,
				4CD9C97C1AA1D59900046CA2 /* DappSign.xcdatamodeld */,
				4CD9C9781AA1D59900046CA2 /* Supporting Files */,
			);
			path = DappSign;
			sourceTree = "<group>";
		};
		4CD9C9781AA1D59900046CA2 /* Supporting Files */ = {
			isa = PBXGroup;
			children = (
				4CD9C9CE1AA21A5100046CA2 /* Fonts */,
				4CD9C9E21AA21CAA00046CA2 /* Design */,
				4CD9C9BF1AA1EC1A00046CA2 /* Spring */,
				4CD9C99F1AA1DA8100046CA2 /* Frameworks */,
				4CD9C9791AA1D59900046CA2 /* Info.plist */,
			);
			name = "Supporting Files";
			sourceTree = "<group>";
		};
		4CD9C9901AA1D59900046CA2 /* DappSignTests */ = {
			isa = PBXGroup;
			children = (
				4CD9C9931AA1D59900046CA2 /* DappSignTests.swift */,
				4CD9C9911AA1D59900046CA2 /* Supporting Files */,
			);
			path = DappSignTests;
			sourceTree = "<group>";
		};
		4CD9C9911AA1D59900046CA2 /* Supporting Files */ = {
			isa = PBXGroup;
			children = (
				4CD9C9921AA1D59900046CA2 /* Info.plist */,
			);
			name = "Supporting Files";
			sourceTree = "<group>";
		};
		4CD9C99F1AA1DA8100046CA2 /* Frameworks */ = {
			isa = PBXGroup;
			children = (
				B37714661ACCFE4900B5AE77 /* ParseFacebookUtilsV4.framework */,
				B377145C1ACCFD2100B5AE77 /* FBAudienceNetwork.framework */,
				B377145D1ACCFD2100B5AE77 /* FBSDKCoreKit.framework */,
				B377145E1ACCFD2100B5AE77 /* FBSDKLoginKit.framework */,
				B377145F1ACCFD2100B5AE77 /* FBSDKMessengerShareKit.framework */,
				B37714601ACCFD2100B5AE77 /* FBSDKShareKit.framework */,
				B377145A1ACCEFFE00B5AE77 /* Bolts.framework */,
				4C1D14EF1AC9446A00040DE1 /* Crashlytics.framework */,
				2714318E1AB0D181002F9527 /* Fabric.framework */,
				2714318F1AB0D181002F9527 /* TwitterKit.framework */,
				271431901AB0D181002F9527 /* TwitterKitResources.bundle */,
				4CD9C9BB1AA1DED900046CA2 /* libsqlite3.dylib */,
				4CD9C9B71AA1DE7800046CA2 /* libz.dylib */,
				4CD9C9B51AA1DE6F00046CA2 /* SystemConfiguration.framework */,
				4CD9C9B31AA1DE5F00046CA2 /* StoreKit.framework */,
				4CD9C9B11AA1DE5500046CA2 /* Security.framework */,
				4CD9C9AF1AA1DE4E00046CA2 /* QuartzCore.framework */,
				4CD9C9AD1AA1DE4300046CA2 /* MobileCoreServices.framework */,
				4CD9C9AB1AA1DE3700046CA2 /* CoreLocation.framework */,
				4CD9C9A91AA1DE3000046CA2 /* CoreGraphics.framework */,
				4CD9C9A71AA1DE2600046CA2 /* CFNetwork.framework */,
				4CD9C9A51AA1DE1D00046CA2 /* AudioToolbox.framework */,
				4CD9C9A21AA1DDEE00046CA2 /* Parse.framework */,
			);
			name = Frameworks;
			sourceTree = "<group>";
		};
		4CD9C9BF1AA1EC1A00046CA2 /* Spring */ = {
			isa = PBXGroup;
			children = (
				4CD9C9C01AA1EC1A00046CA2 /* BlurView.swift */,
				4CD9C9C31AA1EC1A00046CA2 /* Data.swift */,
				4CD9C9C41AA1EC1A00046CA2 /* DesignableView.swift */,
				4CD9C9C51AA1EC1A00046CA2 /* Misc.swift */,
				4CD9C9C61AA1EC1A00046CA2 /* SpringAnimation.swift */,
			);
			path = Spring;
			sourceTree = "<group>";
		};
		4CD9C9CE1AA21A5100046CA2 /* Fonts */ = {
			isa = PBXGroup;
			children = (
				4C1D14F11AC9476700040DE1 /* Exo-Black.otf */,
				4CD9C9CF1AA21A5100046CA2 /* banksia.ttf */,
				4CD9C9D01AA21A5100046CA2 /* Bellota-Regular.otf */,
				4CD9C9D11AA21A5100046CA2 /* Capture_it.ttf */,
				4CD9C9D21AA21A5100046CA2 /* Elsie-Regular.otf */,
				4CD9C9E11AA21C4C00046CA2 /* Exo-SemiBold.otf */,
				4CD9C9D31AA21A5100046CA2 /* Exo-Regular.otf */,
				4CD9C9D41AA21A5100046CA2 /* KlinicSlabMedium.otf */,
				4CD9C9D51AA21A5100046CA2 /* PrintClearly.otf */,
				4CD9C9D61AA21A5100046CA2 /* Sansation-Regular.ttf */,
				4CD9C9D71AA21A5100046CA2 /* Walkway_SemiBold.ttf */,
			);
			path = Fonts;
			sourceTree = "<group>";
		};
		4CD9C9E21AA21CAA00046CA2 /* Design */ = {
			isa = PBXGroup;
			children = (
				4CD9C9C11AA1EC1A00046CA2 /* DappColors.swift */,
				4CD9C9C21AA1EC1A00046CA2 /* DappFonts.swift */,
			);
			name = Design;
			path = Spring;
			sourceTree = "<group>";
		};
		84C3D3811AB5FEC700E0F350 /* Views */ = {
			isa = PBXGroup;
			children = (
				84D848721AC726D000D1B3F9 /* SWTableViewCell */,
				84C3D3861AB6030E00E0F350 /* DappCardCell.swift */,
				84C648B61ABDA85300C1B4D8 /* DappProfileCell.swift */,
			);
			name = Views;
			sourceTree = "<group>";
		};
		84C3D3821AB5FECF00E0F350 /* View Controllers */ = {
			isa = PBXGroup;
			children = (
				4CD9C97F1AA1D59900046CA2 /* ViewController.swift */,
				4CD9C9BD1AA1EBBD00046CA2 /* HomeViewController.swift */,
				4CD9C9E31AA4425600046CA2 /* AddDappViewController.swift */,
				4CD252C41AA75B33006C9C2E /* FinalDappSubmitViewController.swift */,
				4CD9C9E51AA4FA1900046CA2 /* ProfileViewController.swift */,
				279A31211AB30EA700850508 /* EditDappsTableViewController.swift */,
				279A31231AB31CE700850508 /* DappsTableViewController.swift */,
				849A63E51ABB7C6200A10BEF /* SearchTableViewController.swift */,
				27BA7D811ABC2B4100E480AD /* DappsViewController.swift */,
			);
			name = "View Controllers";
			sourceTree = "<group>";
		};
		84C3D3831AB5FEF500E0F350 /* Helpers */ = {
			isa = PBXGroup;
			children = (
				2714318A1AB0C462002F9527 /* FacebookHelper.swift */,
				271431951AB0D27C002F9527 /* TwitterHelper.swift */,
			);
			name = Helpers;
			sourceTree = "<group>";
		};
		84C3D3841AB5FF0500E0F350 /* Extensions */ = {
			isa = PBXGroup;
			children = (
				271431881AB0C318002F9527 /* UIViewToUIImageExtension.swift */,
				2714318C1AB0CA62002F9527 /* UIViewControllerAlertViewExtension.swift */,
				84726EE51ABD6DDB003EA408 /* NSObjectPerformOnlyOneTime.swift */,
			);
			name = Extensions;
			sourceTree = "<group>";
		};
		84C3D3851AB602A600E0F350 /* Other */ = {
			isa = PBXGroup;
			children = (
				279A31251AB333AC00850508 /* Enums.swift */,
				27810DF01AB7297300223350 /* PrimaryDapps.swift */,
				84C3D34D1AB4D4DD00E0F350 /* DappQueriesBuilder.swift */,
				278B78291AB86B0500EB39AB /* DappsDownloader.swift */,
				271D0DC61ABAD8E400227DE7 /* Requests.swift */,
			);
			name = Other;
			sourceTree = "<group>";
		};
		84D848721AC726D000D1B3F9 /* SWTableViewCell */ = {
			isa = PBXGroup;
			children = (
				84D848731AC726D000D1B3F9 /* NSMutableArray+SWUtilityButtons.h */,
				84D848741AC726D000D1B3F9 /* NSMutableArray+SWUtilityButtons.m */,
				84D848751AC726D000D1B3F9 /* SWCellScrollView.h */,
				84D848761AC726D000D1B3F9 /* SWCellScrollView.m */,
				84D848771AC726D000D1B3F9 /* SWLongPressGestureRecognizer.h */,
				84D848781AC726D000D1B3F9 /* SWLongPressGestureRecognizer.m */,
				84D848791AC726D000D1B3F9 /* SWTableViewCell.h */,
				84D8487A1AC726D000D1B3F9 /* SWTableViewCell.m */,
				84D8487B1AC726D000D1B3F9 /* SWUtilityButtonTapGestureRecognizer.h */,
				84D8487C1AC726D000D1B3F9 /* SWUtilityButtonTapGestureRecognizer.m */,
				84D8487D1AC726D000D1B3F9 /* SWUtilityButtonView.h */,
				84D8487E1AC726D000D1B3F9 /* SWUtilityButtonView.m */,
			);
			path = SWTableViewCell;
			sourceTree = "<group>";
		};
/* End PBXGroup section */

/* Begin PBXNativeTarget section */
		4CD9C9741AA1D59900046CA2 /* DappSign */ = {
			isa = PBXNativeTarget;
			buildConfigurationList = 4CD9C9971AA1D59900046CA2 /* Build configuration list for PBXNativeTarget "DappSign" */;
			buildPhases = (
				4CD9C9711AA1D59900046CA2 /* Sources */,
				4CD9C9721AA1D59900046CA2 /* Frameworks */,
				4CD9C9731AA1D59900046CA2 /* Resources */,
				4C1D14EE1AC943E600040DE1 /* ShellScript */,
			);
			buildRules = (
			);
			dependencies = (
			);
			name = DappSign;
			productName = DappSign;
			productReference = 4CD9C9751AA1D59900046CA2 /* DappSign.app */;
			productType = "com.apple.product-type.application";
		};
		4CD9C98C1AA1D59900046CA2 /* DappSignTests */ = {
			isa = PBXNativeTarget;
			buildConfigurationList = 4CD9C99A1AA1D59900046CA2 /* Build configuration list for PBXNativeTarget "DappSignTests" */;
			buildPhases = (
				4CD9C9891AA1D59900046CA2 /* Sources */,
				4CD9C98A1AA1D59900046CA2 /* Frameworks */,
				4CD9C98B1AA1D59900046CA2 /* Resources */,
			);
			buildRules = (
			);
			dependencies = (
				4CD9C98F1AA1D59900046CA2 /* PBXTargetDependency */,
			);
			name = DappSignTests;
			productName = DappSignTests;
			productReference = 4CD9C98D1AA1D59900046CA2 /* DappSignTests.xctest */;
			productType = "com.apple.product-type.bundle.unit-test";
		};
/* End PBXNativeTarget section */

/* Begin PBXProject section */
		4CD9C96D1AA1D59900046CA2 /* Project object */ = {
			isa = PBXProject;
			attributes = {
				LastUpgradeCheck = 0610;
				ORGANIZATIONNAME = DappSign;
				TargetAttributes = {
					4CD9C9741AA1D59900046CA2 = {
						CreatedOnToolsVersion = 6.1.1;
					};
					4CD9C98C1AA1D59900046CA2 = {
						CreatedOnToolsVersion = 6.1.1;
						TestTargetID = 4CD9C9741AA1D59900046CA2;
					};
				};
			};
			buildConfigurationList = 4CD9C9701AA1D59900046CA2 /* Build configuration list for PBXProject "DappSign" */;
			compatibilityVersion = "Xcode 3.2";
			developmentRegion = English;
			hasScannedForEncodings = 0;
			knownRegions = (
				en,
				Base,
			);
			mainGroup = 4CD9C96C1AA1D59900046CA2;
			productRefGroup = 4CD9C9761AA1D59900046CA2 /* Products */;
			projectDirPath = "";
			projectRoot = "";
			targets = (
				4CD9C9741AA1D59900046CA2 /* DappSign */,
				4CD9C98C1AA1D59900046CA2 /* DappSignTests */,
			);
		};
/* End PBXProject section */

/* Begin PBXResourcesBuildPhase section */
		4CD9C9731AA1D59900046CA2 /* Resources */ = {
			isa = PBXResourcesBuildPhase;
			buildActionMask = 2147483647;
			files = (
				4CD9C9D91AA21A5100046CA2 /* Bellota-Regular.otf in Resources */,
				4CD9C9DC1AA21A5100046CA2 /* Exo-Regular.otf in Resources */,
				271431931AB0D182002F9527 /* TwitterKitResources.bundle in Resources */,
				4CD9C9E01AA21A5100046CA2 /* Walkway_SemiBold.ttf in Resources */,
				4CD9C9DF1AA21A5100046CA2 /* Sansation-Regular.ttf in Resources */,
				4CD9C9DE1AA21A5100046CA2 /* PrintClearly.otf in Resources */,
				4CD9C9DD1AA21A5100046CA2 /* KlinicSlabMedium.otf in Resources */,
				4CD9C9D81AA21A5100046CA2 /* banksia.ttf in Resources */,
				4CD9C9DA1AA21A5100046CA2 /* Capture_it.ttf in Resources */,
				4CD9C9831AA1D59900046CA2 /* Main.storyboard in Resources */,
				4CD9C9881AA1D59900046CA2 /* LaunchScreen.xib in Resources */,
				4CD9C9DB1AA21A5100046CA2 /* Elsie-Regular.otf in Resources */,
				4C1D14F21AC9476700040DE1 /* Exo-Black.otf in Resources */,
				4CD9C9851AA1D59900046CA2 /* Images.xcassets in Resources */,
			);
			runOnlyForDeploymentPostprocessing = 0;
		};
		4CD9C98B1AA1D59900046CA2 /* Resources */ = {
			isa = PBXResourcesBuildPhase;
			buildActionMask = 2147483647;
			files = (
				4C1D14F31AC9476700040DE1 /* Exo-Black.otf in Resources */,
			);
			runOnlyForDeploymentPostprocessing = 0;
		};
/* End PBXResourcesBuildPhase section */

/* Begin PBXShellScriptBuildPhase section */
		4C1D14EE1AC943E600040DE1 /* ShellScript */ = {
			isa = PBXShellScriptBuildPhase;
			buildActionMask = 2147483647;
			files = (
			);
			inputPaths = (
			);
			outputPaths = (
			);
			runOnlyForDeploymentPostprocessing = 0;
			shellPath = /bin/sh;
			shellScript = "./Fabric.framework/run d22483edfe701d576bc4ce54b30b66ee9d8dc2dc 95f50e0f2ff2859c379f76a72c321060314f4b052b472b0466ef1a8d32e585a3";
		};
/* End PBXShellScriptBuildPhase section */

/* Begin PBXSourcesBuildPhase section */
		4CD9C9711AA1D59900046CA2 /* Sources */ = {
			isa = PBXSourcesBuildPhase;
			buildActionMask = 2147483647;
			files = (
				4CD252C51AA75B33006C9C2E /* FinalDappSubmitViewController.swift in Sources */,
				84D848801AC726D000D1B3F9 /* SWCellScrollView.m in Sources */,
				84726EE61ABD6DDB003EA408 /* NSObjectPerformOnlyOneTime.swift in Sources */,
				84C648B71ABDA85300C1B4D8 /* DappProfileCell.swift in Sources */,
				4CD9C9C81AA1EC1A00046CA2 /* DappColors.swift in Sources */,
				4CD9C9C91AA1EC1A00046CA2 /* DappFonts.swift in Sources */,
				849A63E61ABB7C6200A10BEF /* SearchTableViewController.swift in Sources */,
				2714318B1AB0C463002F9527 /* FacebookHelper.swift in Sources */,
				271431891AB0C318002F9527 /* UIViewToUIImageExtension.swift in Sources */,
				84D848821AC726D000D1B3F9 /* SWTableViewCell.m in Sources */,
				4CD9C9801AA1D59900046CA2 /* ViewController.swift in Sources */,
				4CD9C9CC1AA1EC1A00046CA2 /* Misc.swift in Sources */,
				271431961AB0D27D002F9527 /* TwitterHelper.swift in Sources */,
				84D848841AC726D000D1B3F9 /* SWUtilityButtonView.m in Sources */,
				27BA7D821ABC2B4100E480AD /* DappsViewController.swift in Sources */,
				278B782A1AB86B0500EB39AB /* DappsDownloader.swift in Sources */,
				4CD9C97B1AA1D59900046CA2 /* AppDelegate.swift in Sources */,
				279A31261AB333AC00850508 /* Enums.swift in Sources */,
				271D0DC71ABAD8E400227DE7 /* Requests.swift in Sources */,
				4CD9C9C71AA1EC1A00046CA2 /* BlurView.swift in Sources */,
				4CD9C97E1AA1D59900046CA2 /* DappSign.xcdatamodeld in Sources */,
				84C3D34E1AB4D4DD00E0F350 /* DappQueriesBuilder.swift in Sources */,
				84D8487F1AC726D000D1B3F9 /* NSMutableArray+SWUtilityButtons.m in Sources */,
				84D848831AC726D000D1B3F9 /* SWUtilityButtonTapGestureRecognizer.m in Sources */,
				279A31241AB31CE700850508 /* DappsTableViewController.swift in Sources */,
				4CD9C9CD1AA1EC1A00046CA2 /* SpringAnimation.swift in Sources */,
				4CD9C9BE1AA1EBBD00046CA2 /* HomeViewController.swift in Sources */,
				279A31221AB30EA700850508 /* EditDappsTableViewController.swift in Sources */,
				4CD9C9CA1AA1EC1A00046CA2 /* Data.swift in Sources */,
				2714318D1AB0CA63002F9527 /* UIViewControllerAlertViewExtension.swift in Sources */,
				27810DF11AB7297300223350 /* PrimaryDapps.swift in Sources */,
				84C3D3871AB6030E00E0F350 /* DappCardCell.swift in Sources */,
				84D848811AC726D000D1B3F9 /* SWLongPressGestureRecognizer.m in Sources */,
				4CD9C9E61AA4FA1900046CA2 /* ProfileViewController.swift in Sources */,
				4CD9C9CB1AA1EC1A00046CA2 /* DesignableView.swift in Sources */,
				4CD9C9E41AA4425600046CA2 /* AddDappViewController.swift in Sources */,
			);
			runOnlyForDeploymentPostprocessing = 0;
		};
		4CD9C9891AA1D59900046CA2 /* Sources */ = {
			isa = PBXSourcesBuildPhase;
			buildActionMask = 2147483647;
			files = (
				4CD9C9941AA1D59900046CA2 /* DappSignTests.swift in Sources */,
			);
			runOnlyForDeploymentPostprocessing = 0;
		};
/* End PBXSourcesBuildPhase section */

/* Begin PBXTargetDependency section */
		4CD9C98F1AA1D59900046CA2 /* PBXTargetDependency */ = {
			isa = PBXTargetDependency;
			target = 4CD9C9741AA1D59900046CA2 /* DappSign */;
			targetProxy = 4CD9C98E1AA1D59900046CA2 /* PBXContainerItemProxy */;
		};
/* End PBXTargetDependency section */

/* Begin PBXVariantGroup section */
		4CD9C9811AA1D59900046CA2 /* Main.storyboard */ = {
			isa = PBXVariantGroup;
			children = (
				4CD9C9821AA1D59900046CA2 /* Base */,
			);
			name = Main.storyboard;
			sourceTree = "<group>";
		};
		4CD9C9861AA1D59900046CA2 /* LaunchScreen.xib */ = {
			isa = PBXVariantGroup;
			children = (
				4CD9C9871AA1D59900046CA2 /* Base */,
			);
			name = LaunchScreen.xib;
			sourceTree = "<group>";
		};
/* End PBXVariantGroup section */

/* Begin XCBuildConfiguration section */
		4CD9C9951AA1D59900046CA2 /* Debug */ = {
			isa = XCBuildConfiguration;
			buildSettings = {
				ALWAYS_SEARCH_USER_PATHS = NO;
				CLANG_CXX_LANGUAGE_STANDARD = "gnu++0x";
				CLANG_CXX_LIBRARY = "libc++";
				CLANG_ENABLE_MODULES = YES;
				CLANG_ENABLE_OBJC_ARC = YES;
				CLANG_WARN_BOOL_CONVERSION = YES;
				CLANG_WARN_CONSTANT_CONVERSION = YES;
				CLANG_WARN_DIRECT_OBJC_ISA_USAGE = YES_ERROR;
				CLANG_WARN_EMPTY_BODY = YES;
				CLANG_WARN_ENUM_CONVERSION = YES;
				CLANG_WARN_INT_CONVERSION = YES;
				CLANG_WARN_OBJC_ROOT_CLASS = YES_ERROR;
				CLANG_WARN_UNREACHABLE_CODE = YES;
				CLANG_WARN__DUPLICATE_METHOD_MATCH = YES;
				"CODE_SIGN_IDENTITY[sdk=iphoneos*]" = "iPhone Developer";
				COPY_PHASE_STRIP = NO;
				ENABLE_STRICT_OBJC_MSGSEND = YES;
				GCC_C_LANGUAGE_STANDARD = gnu99;
				GCC_DYNAMIC_NO_PIC = NO;
				GCC_OPTIMIZATION_LEVEL = 0;
				GCC_PREPROCESSOR_DEFINITIONS = (
					"DEBUG=1",
					"$(inherited)",
				);
				GCC_SYMBOLS_PRIVATE_EXTERN = NO;
				GCC_WARN_64_TO_32_BIT_CONVERSION = YES;
				GCC_WARN_ABOUT_RETURN_TYPE = YES_ERROR;
				GCC_WARN_UNDECLARED_SELECTOR = YES;
				GCC_WARN_UNINITIALIZED_AUTOS = YES_AGGRESSIVE;
				GCC_WARN_UNUSED_FUNCTION = YES;
				GCC_WARN_UNUSED_VARIABLE = YES;
				IPHONEOS_DEPLOYMENT_TARGET = 8.1;
				MTL_ENABLE_DEBUG_INFO = YES;
				ONLY_ACTIVE_ARCH = YES;
				SDKROOT = iphoneos;
				SWIFT_OPTIMIZATION_LEVEL = "-Onone";
			};
			name = Debug;
		};
		4CD9C9961AA1D59900046CA2 /* Release */ = {
			isa = XCBuildConfiguration;
			buildSettings = {
				ALWAYS_SEARCH_USER_PATHS = NO;
				CLANG_CXX_LANGUAGE_STANDARD = "gnu++0x";
				CLANG_CXX_LIBRARY = "libc++";
				CLANG_ENABLE_MODULES = YES;
				CLANG_ENABLE_OBJC_ARC = YES;
				CLANG_WARN_BOOL_CONVERSION = YES;
				CLANG_WARN_CONSTANT_CONVERSION = YES;
				CLANG_WARN_DIRECT_OBJC_ISA_USAGE = YES_ERROR;
				CLANG_WARN_EMPTY_BODY = YES;
				CLANG_WARN_ENUM_CONVERSION = YES;
				CLANG_WARN_INT_CONVERSION = YES;
				CLANG_WARN_OBJC_ROOT_CLASS = YES_ERROR;
				CLANG_WARN_UNREACHABLE_CODE = YES;
				CLANG_WARN__DUPLICATE_METHOD_MATCH = YES;
				"CODE_SIGN_IDENTITY[sdk=iphoneos*]" = "iPhone Developer";
				COPY_PHASE_STRIP = YES;
				ENABLE_NS_ASSERTIONS = NO;
				ENABLE_STRICT_OBJC_MSGSEND = YES;
				GCC_C_LANGUAGE_STANDARD = gnu99;
				GCC_WARN_64_TO_32_BIT_CONVERSION = YES;
				GCC_WARN_ABOUT_RETURN_TYPE = YES_ERROR;
				GCC_WARN_UNDECLARED_SELECTOR = YES;
				GCC_WARN_UNINITIALIZED_AUTOS = YES_AGGRESSIVE;
				GCC_WARN_UNUSED_FUNCTION = YES;
				GCC_WARN_UNUSED_VARIABLE = YES;
				IPHONEOS_DEPLOYMENT_TARGET = 8.1;
				MTL_ENABLE_DEBUG_INFO = NO;
				SDKROOT = iphoneos;
				VALIDATE_PRODUCT = YES;
			};
			name = Release;
		};
		4CD9C9981AA1D59900046CA2 /* Debug */ = {
			isa = XCBuildConfiguration;
			buildSettings = {
				ASSETCATALOG_COMPILER_APPICON_NAME = AppIcon;
				FRAMEWORK_SEARCH_PATHS = (
					"$(inherited)",
					"$(PROJECT_DIR)/DappSign",
					"$(PROJECT_DIR)",
					"\"$(SRCROOT)/DappSign/FacebookSDK.framework\"",
				);
				INFOPLIST_FILE = DappSign/Info.plist;
				LD_RUNPATH_SEARCH_PATHS = "$(inherited) @executable_path/Frameworks";
				PRODUCT_NAME = "$(TARGET_NAME)";
				SWIFT_OBJC_BRIDGING_HEADER = "DappSign/Bridging-Header.h";
			};
			name = Debug;
		};
		4CD9C9991AA1D59900046CA2 /* Release */ = {
			isa = XCBuildConfiguration;
			buildSettings = {
				ASSETCATALOG_COMPILER_APPICON_NAME = AppIcon;
				FRAMEWORK_SEARCH_PATHS = (
					"$(inherited)",
					"$(PROJECT_DIR)/DappSign",
					"$(PROJECT_DIR)",
					"\"$(SRCROOT)/DappSign/FacebookSDK.framework\"",
				);
				INFOPLIST_FILE = DappSign/Info.plist;
				LD_RUNPATH_SEARCH_PATHS = "$(inherited) @executable_path/Frameworks";
				PRODUCT_NAME = "$(TARGET_NAME)";
				SWIFT_OBJC_BRIDGING_HEADER = "DappSign/Bridging-Header.h";
			};
			name = Release;
		};
		4CD9C99B1AA1D59900046CA2 /* Debug */ = {
			isa = XCBuildConfiguration;
			buildSettings = {
				BUNDLE_LOADER = "$(TEST_HOST)";
				FRAMEWORK_SEARCH_PATHS = (
					"$(SDKROOT)/Developer/Library/Frameworks",
					"$(inherited)",
				);
				GCC_PREPROCESSOR_DEFINITIONS = (
					"DEBUG=1",
					"$(inherited)",
				);
				INFOPLIST_FILE = DappSignTests/Info.plist;
				LD_RUNPATH_SEARCH_PATHS = "$(inherited) @executable_path/Frameworks @loader_path/Frameworks";
				PRODUCT_NAME = "$(TARGET_NAME)";
				TEST_HOST = "$(BUILT_PRODUCTS_DIR)/DappSign.app/DappSign";
			};
			name = Debug;
		};
		4CD9C99C1AA1D59900046CA2 /* Release */ = {
			isa = XCBuildConfiguration;
			buildSettings = {
				BUNDLE_LOADER = "$(TEST_HOST)";
				FRAMEWORK_SEARCH_PATHS = (
					"$(SDKROOT)/Developer/Library/Frameworks",
					"$(inherited)",
				);
				INFOPLIST_FILE = DappSignTests/Info.plist;
				LD_RUNPATH_SEARCH_PATHS = "$(inherited) @executable_path/Frameworks @loader_path/Frameworks";
				PRODUCT_NAME = "$(TARGET_NAME)";
				TEST_HOST = "$(BUILT_PRODUCTS_DIR)/DappSign.app/DappSign";
			};
			name = Release;
		};
/* End XCBuildConfiguration section */

/* Begin XCConfigurationList section */
		4CD9C9701AA1D59900046CA2 /* Build configuration list for PBXProject "DappSign" */ = {
			isa = XCConfigurationList;
			buildConfigurations = (
				4CD9C9951AA1D59900046CA2 /* Debug */,
				4CD9C9961AA1D59900046CA2 /* Release */,
			);
			defaultConfigurationIsVisible = 0;
			defaultConfigurationName = Release;
		};
		4CD9C9971AA1D59900046CA2 /* Build configuration list for PBXNativeTarget "DappSign" */ = {
			isa = XCConfigurationList;
			buildConfigurations = (
				4CD9C9981AA1D59900046CA2 /* Debug */,
				4CD9C9991AA1D59900046CA2 /* Release */,
			);
			defaultConfigurationIsVisible = 0;
			defaultConfigurationName = Release;
		};
		4CD9C99A1AA1D59900046CA2 /* Build configuration list for PBXNativeTarget "DappSignTests" */ = {
			isa = XCConfigurationList;
			buildConfigurations = (
				4CD9C99B1AA1D59900046CA2 /* Debug */,
				4CD9C99C1AA1D59900046CA2 /* Release */,
			);
			defaultConfigurationIsVisible = 0;
			defaultConfigurationName = Release;
		};
/* End XCConfigurationList section */

/* Begin XCVersionGroup section */
		4CD9C97C1AA1D59900046CA2 /* DappSign.xcdatamodeld */ = {
			isa = XCVersionGroup;
			children = (
				4CD9C97D1AA1D59900046CA2 /* DappSign.xcdatamodel */,
			);
			currentVersion = 4CD9C97D1AA1D59900046CA2 /* DappSign.xcdatamodel */;
			path = DappSign.xcdatamodeld;
			sourceTree = "<group>";
			versionGroupType = wrapper.xcdatamodel;
		};
/* End XCVersionGroup section */
	};
	rootObject = 4CD9C96D1AA1D59900046CA2 /* Project object */;
}
