// !$*UTF8*$!
{
	archiveVersion = 1;
	classes = {
	};
	objectVersion = 46;
	objects = {

/* Begin PBXBuildFile section */
		2702A60A1C89C582002BBBF6 /* DailyDappDatesHelper.swift in Sources */ = {isa = PBXBuildFile; fileRef = 2702A6091C89C582002BBBF6 /* DailyDappDatesHelper.swift */; };
		270C05891BB42A3E00C11435 /* LinkView.swift in Sources */ = {isa = PBXBuildFile; fileRef = 270C05881BB42A3E00C11435 /* LinkView.swift */; };
		270C058B1BB42A5900C11435 /* LinkView.xib in Resources */ = {isa = PBXBuildFile; fileRef = 270C058A1BB42A5900C11435 /* LinkView.xib */; };
		271431811AB08741002F9527 /* FacebookSDK.framework in Frameworks */ = {isa = PBXBuildFile; fileRef = 2714317F1AB086AB002F9527 /* FacebookSDK.framework */; };
		271431891AB0C318002F9527 /* UIViewToUIImageExtension.swift in Sources */ = {isa = PBXBuildFile; fileRef = 271431881AB0C318002F9527 /* UIViewToUIImageExtension.swift */; };
		2714318B1AB0C463002F9527 /* FacebookHelper.swift in Sources */ = {isa = PBXBuildFile; fileRef = 2714318A1AB0C462002F9527 /* FacebookHelper.swift */; };
		2714318D1AB0CA63002F9527 /* UIViewControllerAlertViewExtension.swift in Sources */ = {isa = PBXBuildFile; fileRef = 2714318C1AB0CA62002F9527 /* UIViewControllerAlertViewExtension.swift */; };
		271431961AB0D27D002F9527 /* TwitterHelper.swift in Sources */ = {isa = PBXBuildFile; fileRef = 271431951AB0D27C002F9527 /* TwitterHelper.swift */; };
		271D0DC71ABAD8E400227DE7 /* Requests.swift in Sources */ = {isa = PBXBuildFile; fileRef = 271D0DC61ABAD8E400227DE7 /* Requests.swift */; };
		271E435D1C7776FD0076DB5F /* Consts.swift in Sources */ = {isa = PBXBuildFile; fileRef = 271E435C1C7776FD0076DB5F /* Consts.swift */; };
		274BB0C71B99C3A300D6DC44 /* PercentsView.xib in Resources */ = {isa = PBXBuildFile; fileRef = 274BB0C61B99C3A300D6DC44 /* PercentsView.xib */; };
		274BB0CC1B99DD5900D6DC44 /* XIBView.swift in Sources */ = {isa = PBXBuildFile; fileRef = 274BB0CB1B99DD5900D6DC44 /* XIBView.swift */; };
		274C9CBE1BBD8FB20030F543 /* EmbedDappView.swift in Sources */ = {isa = PBXBuildFile; fileRef = 274C9CBD1BBD8FB20030F543 /* EmbedDappView.swift */; };
		274C9CC01BBD8FBD0030F543 /* EmbedDappView.xib in Resources */ = {isa = PBXBuildFile; fileRef = 274C9CBF1BBD8FBD0030F543 /* EmbedDappView.xib */; };
		2765383D1B8F232A000C737E /* CongressionalDistrictsIDs.swift in Sources */ = {isa = PBXBuildFile; fileRef = 2765383C1B8F232A000C737E /* CongressionalDistrictsIDs.swift */; };
		27696F4A1BB3EDE800EE391F /* Link.swift in Sources */ = {isa = PBXBuildFile; fileRef = 27696F491BB3EDE800EE391F /* Link.swift */; };
		27769C181BB179DB00FD34AA /* AddDappLinksVC.swift in Sources */ = {isa = PBXBuildFile; fileRef = 27769C171BB179DA00FD34AA /* AddDappLinksVC.swift */; };
		27769C1A1BB179FF00FD34AA /* EditDappLinksVC.swift in Sources */ = {isa = PBXBuildFile; fileRef = 27769C191BB179FF00FD34AA /* EditDappLinksVC.swift */; };
		277970FA1C7F284E006F70ED /* DappLinkHelper.swift in Sources */ = {isa = PBXBuildFile; fileRef = 277970F91C7F284E006F70ED /* DappLinkHelper.swift */; };
		277970FC1C7F6060006F70ED /* LinkCellInfoHelper.swift in Sources */ = {isa = PBXBuildFile; fileRef = 277970FB1C7F6060006F70ED /* LinkCellInfoHelper.swift */; };
		277D910E1BA71BD900941C7B /* SwipeableView.swift in Sources */ = {isa = PBXBuildFile; fileRef = 277D910D1BA71BD900941C7B /* SwipeableView.swift */; };
		27810DF11AB7297300223350 /* IndexedDapps.swift in Sources */ = {isa = PBXBuildFile; fileRef = 27810DF01AB7297300223350 /* IndexedDapps.swift */; };
		27811A641B9589F8007E97EE /* DappSignView.swift in Sources */ = {isa = PBXBuildFile; fileRef = 27811A631B9589F8007E97EE /* DappSignView.swift */; };
		27811A681B959A38007E97EE /* DappSignView.xib in Resources */ = {isa = PBXBuildFile; fileRef = 27811A671B959A38007E97EE /* DappSignView.xib */; };
		27811A6A1B95C6FE007E97EE /* DappMappView.swift in Sources */ = {isa = PBXBuildFile; fileRef = 27811A691B95C6FE007E97EE /* DappMappView.swift */; };
		27811A6C1B95C70D007E97EE /* DappMappView.xib in Resources */ = {isa = PBXBuildFile; fileRef = 27811A6B1B95C70D007E97EE /* DappMappView.xib */; };
		2788A15F1C738C1D00EBABC7 /* ProhibitedPhrases.swift in Sources */ = {isa = PBXBuildFile; fileRef = 2788A15E1C738C1D00EBABC7 /* ProhibitedPhrases.swift */; };
		278B782A1AB86B0500EB39AB /* DappsDownloader.swift in Sources */ = {isa = PBXBuildFile; fileRef = 278B78291AB86B0500EB39AB /* DappsDownloader.swift */; };
		279A31221AB30EA700850508 /* EditDappsTableViewController.swift in Sources */ = {isa = PBXBuildFile; fileRef = 279A31211AB30EA700850508 /* EditDappsTableViewController.swift */; };
		279A31241AB31CE700850508 /* DappsTableViewController.swift in Sources */ = {isa = PBXBuildFile; fileRef = 279A31231AB31CE700850508 /* DappsTableViewController.swift */; };
		279A31261AB333AC00850508 /* Enums.swift in Sources */ = {isa = PBXBuildFile; fileRef = 279A31251AB333AC00850508 /* Enums.swift */; };
		279D4D421BA9A2D700408B90 /* HTMLNode.m in Sources */ = {isa = PBXBuildFile; fileRef = 279D4D3F1BA9A2D700408B90 /* HTMLNode.m */; };
		279D4D431BA9A2D700408B90 /* HTMLParser.m in Sources */ = {isa = PBXBuildFile; fileRef = 279D4D411BA9A2D700408B90 /* HTMLParser.m */; };
		279D4D451BA9A7DB00408B90 /* libxml2.dylib in Frameworks */ = {isa = PBXBuildFile; fileRef = 279D4D441BA9A7DB00408B90 /* libxml2.dylib */; };
		27AF934E1B949A120017D8D2 /* SVGMapGenerator.swift in Sources */ = {isa = PBXBuildFile; fileRef = 27AF934D1B949A120017D8D2 /* SVGMapGenerator.swift */; };
		27AF93501B949B690017D8D2 /* PercentsView.swift in Sources */ = {isa = PBXBuildFile; fileRef = 27AF934F1B949B690017D8D2 /* PercentsView.swift */; };
		27BA7D821ABC2B4100E480AD /* DappsViewController.swift in Sources */ = {isa = PBXBuildFile; fileRef = 27BA7D811ABC2B4100E480AD /* DappsViewController.swift */; };
		27DAEFEE1BAFF4DF001DA66D /* DappLinksView.swift in Sources */ = {isa = PBXBuildFile; fileRef = 27DAEFED1BAFF4DF001DA66D /* DappLinksView.swift */; };
		27DAEFF01BAFF4EE001DA66D /* DappLinksView.xib in Resources */ = {isa = PBXBuildFile; fileRef = 27DAEFEF1BAFF4EE001DA66D /* DappLinksView.xib */; };
		27DAEFF51BAFF83B001DA66D /* DappLinkCell.swift in Sources */ = {isa = PBXBuildFile; fileRef = 27DAEFF31BAFF83B001DA66D /* DappLinkCell.swift */; };
		27DAEFF61BAFF83B001DA66D /* DappLinkCell.xib in Resources */ = {isa = PBXBuildFile; fileRef = 27DAEFF41BAFF83B001DA66D /* DappLinkCell.xib */; };
		27DDE9821C84AD7F00527953 /* ScoreboardVC.swift in Sources */ = {isa = PBXBuildFile; fileRef = 27DDE9811C84AD7F00527953 /* ScoreboardVC.swift */; };
		27FD3C051C7DED6000826EBA /* DappLinksVC.swift in Sources */ = {isa = PBXBuildFile; fileRef = 27FD3C041C7DED6000826EBA /* DappLinksVC.swift */; };
		27FD3C081C7DF4FE00826EBA /* AddLinkCell.swift in Sources */ = {isa = PBXBuildFile; fileRef = 27FD3C071C7DF4FE00826EBA /* AddLinkCell.swift */; };
		27FD3C0A1C7DF50F00826EBA /* EnterLinkCell.swift in Sources */ = {isa = PBXBuildFile; fileRef = 27FD3C091C7DF50F00826EBA /* EnterLinkCell.swift */; };
		27FD3C0C1C7DF51E00826EBA /* LinkCell.swift in Sources */ = {isa = PBXBuildFile; fileRef = 27FD3C0B1C7DF51E00826EBA /* LinkCell.swift */; };
		27FD3C0E1C7DF52C00826EBA /* DeleteLinkCell.swift in Sources */ = {isa = PBXBuildFile; fileRef = 27FD3C0D1C7DF52C00826EBA /* DeleteLinkCell.swift */; };
		4C1D14F21AC9476700040DE1 /* Exo-Black.otf in Resources */ = {isa = PBXBuildFile; fileRef = 4C1D14F11AC9476700040DE1 /* Exo-Black.otf */; };
		4C1D14F31AC9476700040DE1 /* Exo-Black.otf in Resources */ = {isa = PBXBuildFile; fileRef = 4C1D14F11AC9476700040DE1 /* Exo-Black.otf */; };
		4CD252C51AA75B33006C9C2E /* FinalDappSubmitViewController.swift in Sources */ = {isa = PBXBuildFile; fileRef = 4CD252C41AA75B33006C9C2E /* FinalDappSubmitViewController.swift */; };
		4CD9C97B1AA1D59900046CA2 /* AppDelegate.swift in Sources */ = {isa = PBXBuildFile; fileRef = 4CD9C97A1AA1D59900046CA2 /* AppDelegate.swift */; };
		4CD9C97E1AA1D59900046CA2 /* DappSign.xcdatamodeld in Sources */ = {isa = PBXBuildFile; fileRef = 4CD9C97C1AA1D59900046CA2 /* DappSign.xcdatamodeld */; };
		4CD9C9801AA1D59900046CA2 /* ViewController.swift in Sources */ = {isa = PBXBuildFile; fileRef = 4CD9C97F1AA1D59900046CA2 /* ViewController.swift */; };
		4CD9C9831AA1D59900046CA2 /* Main.storyboard in Resources */ = {isa = PBXBuildFile; fileRef = 4CD9C9811AA1D59900046CA2 /* Main.storyboard */; };
		4CD9C9851AA1D59900046CA2 /* Images.xcassets in Resources */ = {isa = PBXBuildFile; fileRef = 4CD9C9841AA1D59900046CA2 /* Images.xcassets */; };
		4CD9C9881AA1D59900046CA2 /* LaunchScreen.xib in Resources */ = {isa = PBXBuildFile; fileRef = 4CD9C9861AA1D59900046CA2 /* LaunchScreen.xib */; };
		4CD9C9941AA1D59900046CA2 /* DappSignTests.swift in Sources */ = {isa = PBXBuildFile; fileRef = 4CD9C9931AA1D59900046CA2 /* DappSignTests.swift */; };
		4CD9C9A41AA1DDEE00046CA2 /* Parse.framework in Frameworks */ = {isa = PBXBuildFile; fileRef = 4CD9C9A21AA1DDEE00046CA2 /* Parse.framework */; };
		4CD9C9A61AA1DE1D00046CA2 /* AudioToolbox.framework in Frameworks */ = {isa = PBXBuildFile; fileRef = 4CD9C9A51AA1DE1D00046CA2 /* AudioToolbox.framework */; };
		4CD9C9A81AA1DE2600046CA2 /* CFNetwork.framework in Frameworks */ = {isa = PBXBuildFile; fileRef = 4CD9C9A71AA1DE2600046CA2 /* CFNetwork.framework */; };
		4CD9C9AA1AA1DE3000046CA2 /* CoreGraphics.framework in Frameworks */ = {isa = PBXBuildFile; fileRef = 4CD9C9A91AA1DE3000046CA2 /* CoreGraphics.framework */; };
		4CD9C9AC1AA1DE3700046CA2 /* CoreLocation.framework in Frameworks */ = {isa = PBXBuildFile; fileRef = 4CD9C9AB1AA1DE3700046CA2 /* CoreLocation.framework */; };
		4CD9C9AE1AA1DE4300046CA2 /* MobileCoreServices.framework in Frameworks */ = {isa = PBXBuildFile; fileRef = 4CD9C9AD1AA1DE4300046CA2 /* MobileCoreServices.framework */; };
		4CD9C9B01AA1DE4E00046CA2 /* QuartzCore.framework in Frameworks */ = {isa = PBXBuildFile; fileRef = 4CD9C9AF1AA1DE4E00046CA2 /* QuartzCore.framework */; };
		4CD9C9B21AA1DE5500046CA2 /* Security.framework in Frameworks */ = {isa = PBXBuildFile; fileRef = 4CD9C9B11AA1DE5500046CA2 /* Security.framework */; };
		4CD9C9B41AA1DE5F00046CA2 /* StoreKit.framework in Frameworks */ = {isa = PBXBuildFile; fileRef = 4CD9C9B31AA1DE5F00046CA2 /* StoreKit.framework */; };
		4CD9C9B61AA1DE6F00046CA2 /* SystemConfiguration.framework in Frameworks */ = {isa = PBXBuildFile; fileRef = 4CD9C9B51AA1DE6F00046CA2 /* SystemConfiguration.framework */; };
		4CD9C9B81AA1DE7800046CA2 /* libz.dylib in Frameworks */ = {isa = PBXBuildFile; fileRef = 4CD9C9B71AA1DE7800046CA2 /* libz.dylib */; };
		4CD9C9BA1AA1DEB300046CA2 /* ParseFacebookUtils.framework in Frameworks */ = {isa = PBXBuildFile; fileRef = 4CD9C9B91AA1DEB300046CA2 /* ParseFacebookUtils.framework */; };
		4CD9C9BC1AA1DED900046CA2 /* libsqlite3.dylib in Frameworks */ = {isa = PBXBuildFile; fileRef = 4CD9C9BB1AA1DED900046CA2 /* libsqlite3.dylib */; };
		4CD9C9BE1AA1EBBD00046CA2 /* HomeViewController.swift in Sources */ = {isa = PBXBuildFile; fileRef = 4CD9C9BD1AA1EBBD00046CA2 /* HomeViewController.swift */; };
		4CD9C9C71AA1EC1A00046CA2 /* BlurView.swift in Sources */ = {isa = PBXBuildFile; fileRef = 4CD9C9C01AA1EC1A00046CA2 /* BlurView.swift */; };
		4CD9C9C81AA1EC1A00046CA2 /* DappColors.swift in Sources */ = {isa = PBXBuildFile; fileRef = 4CD9C9C11AA1EC1A00046CA2 /* DappColors.swift */; };
		4CD9C9C91AA1EC1A00046CA2 /* DappFonts.swift in Sources */ = {isa = PBXBuildFile; fileRef = 4CD9C9C21AA1EC1A00046CA2 /* DappFonts.swift */; };
		4CD9C9CA1AA1EC1A00046CA2 /* Data.swift in Sources */ = {isa = PBXBuildFile; fileRef = 4CD9C9C31AA1EC1A00046CA2 /* Data.swift */; };
		4CD9C9CB1AA1EC1A00046CA2 /* DesignableView.swift in Sources */ = {isa = PBXBuildFile; fileRef = 4CD9C9C41AA1EC1A00046CA2 /* DesignableView.swift */; };
		4CD9C9CC1AA1EC1A00046CA2 /* Misc.swift in Sources */ = {isa = PBXBuildFile; fileRef = 4CD9C9C51AA1EC1A00046CA2 /* Misc.swift */; };
		4CD9C9CD1AA1EC1A00046CA2 /* SpringAnimation.swift in Sources */ = {isa = PBXBuildFile; fileRef = 4CD9C9C61AA1EC1A00046CA2 /* SpringAnimation.swift */; };
		4CD9C9D81AA21A5100046CA2 /* banksia.ttf in Resources */ = {isa = PBXBuildFile; fileRef = 4CD9C9CF1AA21A5100046CA2 /* banksia.ttf */; };
		4CD9C9D91AA21A5100046CA2 /* Bellota-Regular.otf in Resources */ = {isa = PBXBuildFile; fileRef = 4CD9C9D01AA21A5100046CA2 /* Bellota-Regular.otf */; };
		4CD9C9DA1AA21A5100046CA2 /* Capture_it.ttf in Resources */ = {isa = PBXBuildFile; fileRef = 4CD9C9D11AA21A5100046CA2 /* Capture_it.ttf */; };
		4CD9C9DB1AA21A5100046CA2 /* Elsie-Regular.otf in Resources */ = {isa = PBXBuildFile; fileRef = 4CD9C9D21AA21A5100046CA2 /* Elsie-Regular.otf */; };
		4CD9C9DC1AA21A5100046CA2 /* Exo-Regular.otf in Resources */ = {isa = PBXBuildFile; fileRef = 4CD9C9D31AA21A5100046CA2 /* Exo-Regular.otf */; };
		4CD9C9DD1AA21A5100046CA2 /* KlinicSlabMedium.otf in Resources */ = {isa = PBXBuildFile; fileRef = 4CD9C9D41AA21A5100046CA2 /* KlinicSlabMedium.otf */; };
		4CD9C9DE1AA21A5100046CA2 /* PrintClearly.otf in Resources */ = {isa = PBXBuildFile; fileRef = 4CD9C9D51AA21A5100046CA2 /* PrintClearly.otf */; };
		4CD9C9DF1AA21A5100046CA2 /* Sansation-Regular.ttf in Resources */ = {isa = PBXBuildFile; fileRef = 4CD9C9D61AA21A5100046CA2 /* Sansation-Regular.ttf */; };
		4CD9C9E01AA21A5100046CA2 /* Walkway_SemiBold.ttf in Resources */ = {isa = PBXBuildFile; fileRef = 4CD9C9D71AA21A5100046CA2 /* Walkway_SemiBold.ttf */; };
		4CD9C9E41AA4425600046CA2 /* AddDappViewController.swift in Sources */ = {isa = PBXBuildFile; fileRef = 4CD9C9E31AA4425600046CA2 /* AddDappViewController.swift */; };
		4CD9C9E61AA4FA1900046CA2 /* ProfileViewController.swift in Sources */ = {isa = PBXBuildFile; fileRef = 4CD9C9E51AA4FA1900046CA2 /* ProfileViewController.swift */; };
		84726EE61ABD6DDB003EA408 /* NSObjectPerformOnlyOneTime.swift in Sources */ = {isa = PBXBuildFile; fileRef = 84726EE51ABD6DDB003EA408 /* NSObjectPerformOnlyOneTime.swift */; };
		849A63E61ABB7C6200A10BEF /* SearchTableViewController.swift in Sources */ = {isa = PBXBuildFile; fileRef = 849A63E51ABB7C6200A10BEF /* SearchTableViewController.swift */; };
		84C3D34E1AB4D4DD00E0F350 /* DappQueriesBuilder.swift in Sources */ = {isa = PBXBuildFile; fileRef = 84C3D34D1AB4D4DD00E0F350 /* DappQueriesBuilder.swift */; };
		84C3D3871AB6030E00E0F350 /* DappCardCell.swift in Sources */ = {isa = PBXBuildFile; fileRef = 84C3D3861AB6030E00E0F350 /* DappCardCell.swift */; };
		84C648B71ABDA85300C1B4D8 /* DappProfileCell.swift in Sources */ = {isa = PBXBuildFile; fileRef = 84C648B61ABDA85300C1B4D8 /* DappProfileCell.swift */; };
		84D8487F1AC726D000D1B3F9 /* NSMutableArray+SWUtilityButtons.m in Sources */ = {isa = PBXBuildFile; fileRef = 84D848741AC726D000D1B3F9 /* NSMutableArray+SWUtilityButtons.m */; };
		84D848801AC726D000D1B3F9 /* SWCellScrollView.m in Sources */ = {isa = PBXBuildFile; fileRef = 84D848761AC726D000D1B3F9 /* SWCellScrollView.m */; };
		84D848811AC726D000D1B3F9 /* SWLongPressGestureRecognizer.m in Sources */ = {isa = PBXBuildFile; fileRef = 84D848781AC726D000D1B3F9 /* SWLongPressGestureRecognizer.m */; };
		84D848821AC726D000D1B3F9 /* SWTableViewCell.m in Sources */ = {isa = PBXBuildFile; fileRef = 84D8487A1AC726D000D1B3F9 /* SWTableViewCell.m */; };
		84D848831AC726D000D1B3F9 /* SWUtilityButtonTapGestureRecognizer.m in Sources */ = {isa = PBXBuildFile; fileRef = 84D8487C1AC726D000D1B3F9 /* SWUtilityButtonTapGestureRecognizer.m */; };
		84D848841AC726D000D1B3F9 /* SWUtilityButtonView.m in Sources */ = {isa = PBXBuildFile; fileRef = 84D8487E1AC726D000D1B3F9 /* SWUtilityButtonView.m */; };
		A647EE2FE1601F61639F15EE /* libPods-DappSign.a in Frameworks */ = {isa = PBXBuildFile; fileRef = BA2C8EBFD782538F6BC8E13E /* libPods-DappSign.a */; };
		B377146A1ACD5A4200B5AE77 /* FacebookBridge.m in Sources */ = {isa = PBXBuildFile; fileRef = B37714691ACD5A4200B5AE77 /* FacebookBridge.m */; };
		DC9324174E305177A18694BC /* libPods-DappSignTests.a in Frameworks */ = {isa = PBXBuildFile; fileRef = 6A499C0095D78A98A4C86874 /* libPods-DappSignTests.a */; };
		F372464D1AD3ED3C00AD56E2 /* Nextbutton.png in Resources */ = {isa = PBXBuildFile; fileRef = F372464A1AD3ED3C00AD56E2 /* Nextbutton.png */; };
		F372464E1AD3ED3C00AD56E2 /* Nextbutton@2x.png in Resources */ = {isa = PBXBuildFile; fileRef = F372464B1AD3ED3C00AD56E2 /* Nextbutton@2x.png */; };
		F372464F1AD3ED3C00AD56E2 /* Nextbutton@3x.png in Resources */ = {isa = PBXBuildFile; fileRef = F372464C1AD3ED3C00AD56E2 /* Nextbutton@3x.png */; };
		F37246551AD3ED5300AD56E2 /* ZipCodeViewController.swift in Sources */ = {isa = PBXBuildFile; fileRef = F37246521AD3ED5300AD56E2 /* ZipCodeViewController.swift */; };
		F37246781AD3ED7600AD56E2 /* MKAnnotationView+WebCache.m in Sources */ = {isa = PBXBuildFile; fileRef = F37246581AD3ED7600AD56E2 /* MKAnnotationView+WebCache.m */; };
		F37246791AD3ED7600AD56E2 /* NSData+ImageContentType.m in Sources */ = {isa = PBXBuildFile; fileRef = F372465A1AD3ED7600AD56E2 /* NSData+ImageContentType.m */; };
		F372467A1AD3ED7600AD56E2 /* SDImageCache.m in Sources */ = {isa = PBXBuildFile; fileRef = F372465C1AD3ED7600AD56E2 /* SDImageCache.m */; };
		F372467B1AD3ED7600AD56E2 /* SDWebImageCompat.m in Sources */ = {isa = PBXBuildFile; fileRef = F372465E1AD3ED7600AD56E2 /* SDWebImageCompat.m */; };
		F372467C1AD3ED7600AD56E2 /* SDWebImageDecoder.m in Sources */ = {isa = PBXBuildFile; fileRef = F37246601AD3ED7600AD56E2 /* SDWebImageDecoder.m */; };
		F372467D1AD3ED7600AD56E2 /* SDWebImageDownloader.m in Sources */ = {isa = PBXBuildFile; fileRef = F37246621AD3ED7600AD56E2 /* SDWebImageDownloader.m */; };
		F372467E1AD3ED7600AD56E2 /* SDWebImageDownloaderOperation.m in Sources */ = {isa = PBXBuildFile; fileRef = F37246641AD3ED7600AD56E2 /* SDWebImageDownloaderOperation.m */; };
		F372467F1AD3ED7600AD56E2 /* SDWebImageManager.m in Sources */ = {isa = PBXBuildFile; fileRef = F37246661AD3ED7600AD56E2 /* SDWebImageManager.m */; };
		F37246801AD3ED7600AD56E2 /* SDWebImagePrefetcher.m in Sources */ = {isa = PBXBuildFile; fileRef = F37246691AD3ED7600AD56E2 /* SDWebImagePrefetcher.m */; };
		F37246811AD3ED7600AD56E2 /* UIButton+WebCache.m in Sources */ = {isa = PBXBuildFile; fileRef = F372466B1AD3ED7600AD56E2 /* UIButton+WebCache.m */; };
		F37246821AD3ED7600AD56E2 /* UIImage+GIF.m in Sources */ = {isa = PBXBuildFile; fileRef = F372466D1AD3ED7600AD56E2 /* UIImage+GIF.m */; };
		F37246831AD3ED7600AD56E2 /* UIImage+MultiFormat.m in Sources */ = {isa = PBXBuildFile; fileRef = F372466F1AD3ED7600AD56E2 /* UIImage+MultiFormat.m */; };
		F37246841AD3ED7600AD56E2 /* UIImage+WebP.m in Sources */ = {isa = PBXBuildFile; fileRef = F37246711AD3ED7600AD56E2 /* UIImage+WebP.m */; };
		F37246851AD3ED7600AD56E2 /* UIImageView+HighlightedWebCache.m in Sources */ = {isa = PBXBuildFile; fileRef = F37246731AD3ED7600AD56E2 /* UIImageView+HighlightedWebCache.m */; };
		F37246861AD3ED7600AD56E2 /* UIImageView+WebCache.m in Sources */ = {isa = PBXBuildFile; fileRef = F37246751AD3ED7600AD56E2 /* UIImageView+WebCache.m */; };
		F37246871AD3ED7600AD56E2 /* UIView+WebCacheOperation.m in Sources */ = {isa = PBXBuildFile; fileRef = F37246771AD3ED7600AD56E2 /* UIView+WebCacheOperation.m */; };
/* End PBXBuildFile section */

/* Begin PBXContainerItemProxy section */
		4CD9C98E1AA1D59900046CA2 /* PBXContainerItemProxy */ = {
			isa = PBXContainerItemProxy;
			containerPortal = 4CD9C96D1AA1D59900046CA2 /* Project object */;
			proxyType = 1;
			remoteGlobalIDString = 4CD9C9741AA1D59900046CA2;
			remoteInfo = DappSign;
		};
/* End PBXContainerItemProxy section */

/* Begin PBXFileReference section */
		2702A6091C89C582002BBBF6 /* DailyDappDatesHelper.swift */ = {isa = PBXFileReference; fileEncoding = 4; lastKnownFileType = sourcecode.swift; path = DailyDappDatesHelper.swift; sourceTree = "<group>"; };
		270C05881BB42A3E00C11435 /* LinkView.swift */ = {isa = PBXFileReference; fileEncoding = 4; lastKnownFileType = sourcecode.swift; path = LinkView.swift; sourceTree = "<group>"; };
		270C058A1BB42A5900C11435 /* LinkView.xib */ = {isa = PBXFileReference; fileEncoding = 4; lastKnownFileType = file.xib; path = LinkView.xib; sourceTree = "<group>"; };
		2714317F1AB086AB002F9527 /* FacebookSDK.framework */ = {isa = PBXFileReference; lastKnownFileType = wrapper.framework; path = FacebookSDK.framework; sourceTree = "<group>"; };
		271431881AB0C318002F9527 /* UIViewToUIImageExtension.swift */ = {isa = PBXFileReference; fileEncoding = 4; lastKnownFileType = sourcecode.swift; path = UIViewToUIImageExtension.swift; sourceTree = "<group>"; };
		2714318A1AB0C462002F9527 /* FacebookHelper.swift */ = {isa = PBXFileReference; fileEncoding = 4; lastKnownFileType = sourcecode.swift; path = FacebookHelper.swift; sourceTree = "<group>"; };
		2714318C1AB0CA62002F9527 /* UIViewControllerAlertViewExtension.swift */ = {isa = PBXFileReference; fileEncoding = 4; lastKnownFileType = sourcecode.swift; path = UIViewControllerAlertViewExtension.swift; sourceTree = "<group>"; };
		271431951AB0D27C002F9527 /* TwitterHelper.swift */ = {isa = PBXFileReference; fileEncoding = 4; lastKnownFileType = sourcecode.swift; path = TwitterHelper.swift; sourceTree = "<group>"; };
		271D0DC61ABAD8E400227DE7 /* Requests.swift */ = {isa = PBXFileReference; fileEncoding = 4; lastKnownFileType = sourcecode.swift; path = Requests.swift; sourceTree = "<group>"; };
		271E435C1C7776FD0076DB5F /* Consts.swift */ = {isa = PBXFileReference; fileEncoding = 4; lastKnownFileType = sourcecode.swift; path = Consts.swift; sourceTree = "<group>"; };
		274BB0C61B99C3A300D6DC44 /* PercentsView.xib */ = {isa = PBXFileReference; fileEncoding = 4; lastKnownFileType = file.xib; path = PercentsView.xib; sourceTree = "<group>"; };
		274BB0CB1B99DD5900D6DC44 /* XIBView.swift */ = {isa = PBXFileReference; fileEncoding = 4; lastKnownFileType = sourcecode.swift; path = XIBView.swift; sourceTree = "<group>"; };
		274C9CBD1BBD8FB20030F543 /* EmbedDappView.swift */ = {isa = PBXFileReference; fileEncoding = 4; lastKnownFileType = sourcecode.swift; path = EmbedDappView.swift; sourceTree = "<group>"; };
		274C9CBF1BBD8FBD0030F543 /* EmbedDappView.xib */ = {isa = PBXFileReference; fileEncoding = 4; lastKnownFileType = file.xib; path = EmbedDappView.xib; sourceTree = "<group>"; };
		2765383C1B8F232A000C737E /* CongressionalDistrictsIDs.swift */ = {isa = PBXFileReference; fileEncoding = 4; lastKnownFileType = sourcecode.swift; path = CongressionalDistrictsIDs.swift; sourceTree = "<group>"; };
		27696F491BB3EDE800EE391F /* Link.swift */ = {isa = PBXFileReference; fileEncoding = 4; lastKnownFileType = sourcecode.swift; path = Link.swift; sourceTree = "<group>"; };
		27769C171BB179DA00FD34AA /* AddDappLinksVC.swift */ = {isa = PBXFileReference; fileEncoding = 4; lastKnownFileType = sourcecode.swift; path = AddDappLinksVC.swift; sourceTree = "<group>"; };
		27769C191BB179FF00FD34AA /* EditDappLinksVC.swift */ = {isa = PBXFileReference; fileEncoding = 4; lastKnownFileType = sourcecode.swift; path = EditDappLinksVC.swift; sourceTree = "<group>"; };
		277970F91C7F284E006F70ED /* DappLinkHelper.swift */ = {isa = PBXFileReference; fileEncoding = 4; lastKnownFileType = sourcecode.swift; path = DappLinkHelper.swift; sourceTree = "<group>"; };
		277970FB1C7F6060006F70ED /* LinkCellInfoHelper.swift */ = {isa = PBXFileReference; fileEncoding = 4; lastKnownFileType = sourcecode.swift; path = LinkCellInfoHelper.swift; sourceTree = "<group>"; };
		277D910D1BA71BD900941C7B /* SwipeableView.swift */ = {isa = PBXFileReference; fileEncoding = 4; lastKnownFileType = sourcecode.swift; path = SwipeableView.swift; sourceTree = "<group>"; };
		27810DF01AB7297300223350 /* IndexedDapps.swift */ = {isa = PBXFileReference; fileEncoding = 4; lastKnownFileType = sourcecode.swift; path = IndexedDapps.swift; sourceTree = "<group>"; };
		27811A631B9589F8007E97EE /* DappSignView.swift */ = {isa = PBXFileReference; fileEncoding = 4; lastKnownFileType = sourcecode.swift; path = DappSignView.swift; sourceTree = "<group>"; };
		27811A671B959A38007E97EE /* DappSignView.xib */ = {isa = PBXFileReference; fileEncoding = 4; lastKnownFileType = file.xib; path = DappSignView.xib; sourceTree = "<group>"; };
		27811A691B95C6FE007E97EE /* DappMappView.swift */ = {isa = PBXFileReference; fileEncoding = 4; lastKnownFileType = sourcecode.swift; path = DappMappView.swift; sourceTree = "<group>"; };
		27811A6B1B95C70D007E97EE /* DappMappView.xib */ = {isa = PBXFileReference; fileEncoding = 4; lastKnownFileType = file.xib; path = DappMappView.xib; sourceTree = "<group>"; };
		2788A15E1C738C1D00EBABC7 /* ProhibitedPhrases.swift */ = {isa = PBXFileReference; fileEncoding = 4; lastKnownFileType = sourcecode.swift; path = ProhibitedPhrases.swift; sourceTree = "<group>"; };
		278B78291AB86B0500EB39AB /* DappsDownloader.swift */ = {isa = PBXFileReference; fileEncoding = 4; lastKnownFileType = sourcecode.swift; path = DappsDownloader.swift; sourceTree = "<group>"; };
		279A31211AB30EA700850508 /* EditDappsTableViewController.swift */ = {isa = PBXFileReference; fileEncoding = 4; lastKnownFileType = sourcecode.swift; path = EditDappsTableViewController.swift; sourceTree = "<group>"; };
		279A31231AB31CE700850508 /* DappsTableViewController.swift */ = {isa = PBXFileReference; fileEncoding = 4; lastKnownFileType = sourcecode.swift; path = DappsTableViewController.swift; sourceTree = "<group>"; };
		279A31251AB333AC00850508 /* Enums.swift */ = {isa = PBXFileReference; fileEncoding = 4; lastKnownFileType = sourcecode.swift; path = Enums.swift; sourceTree = "<group>"; };
		279D4D3E1BA9A2D700408B90 /* HTMLNode.h */ = {isa = PBXFileReference; fileEncoding = 4; lastKnownFileType = sourcecode.c.h; path = HTMLNode.h; sourceTree = "<group>"; };
		279D4D3F1BA9A2D700408B90 /* HTMLNode.m */ = {isa = PBXFileReference; fileEncoding = 4; lastKnownFileType = sourcecode.c.objc; path = HTMLNode.m; sourceTree = "<group>"; };
		279D4D401BA9A2D700408B90 /* HTMLParser.h */ = {isa = PBXFileReference; fileEncoding = 4; lastKnownFileType = sourcecode.c.h; path = HTMLParser.h; sourceTree = "<group>"; };
		279D4D411BA9A2D700408B90 /* HTMLParser.m */ = {isa = PBXFileReference; fileEncoding = 4; lastKnownFileType = sourcecode.c.objc; path = HTMLParser.m; sourceTree = "<group>"; };
		279D4D441BA9A7DB00408B90 /* libxml2.dylib */ = {isa = PBXFileReference; lastKnownFileType = "compiled.mach-o.dylib"; name = libxml2.dylib; path = usr/lib/libxml2.dylib; sourceTree = SDKROOT; };
		27AF934D1B949A120017D8D2 /* SVGMapGenerator.swift */ = {isa = PBXFileReference; fileEncoding = 4; lastKnownFileType = sourcecode.swift; path = SVGMapGenerator.swift; sourceTree = "<group>"; };
		27AF934F1B949B690017D8D2 /* PercentsView.swift */ = {isa = PBXFileReference; fileEncoding = 4; lastKnownFileType = sourcecode.swift; path = PercentsView.swift; sourceTree = "<group>"; };
		27BA7D811ABC2B4100E480AD /* DappsViewController.swift */ = {isa = PBXFileReference; fileEncoding = 4; lastKnownFileType = sourcecode.swift; path = DappsViewController.swift; sourceTree = "<group>"; };
		27DAEFED1BAFF4DF001DA66D /* DappLinksView.swift */ = {isa = PBXFileReference; fileEncoding = 4; lastKnownFileType = sourcecode.swift; path = DappLinksView.swift; sourceTree = "<group>"; };
		27DAEFEF1BAFF4EE001DA66D /* DappLinksView.xib */ = {isa = PBXFileReference; fileEncoding = 4; lastKnownFileType = file.xib; path = DappLinksView.xib; sourceTree = "<group>"; };
		27DAEFF31BAFF83B001DA66D /* DappLinkCell.swift */ = {isa = PBXFileReference; fileEncoding = 4; lastKnownFileType = sourcecode.swift; path = DappLinkCell.swift; sourceTree = "<group>"; };
		27DAEFF41BAFF83B001DA66D /* DappLinkCell.xib */ = {isa = PBXFileReference; fileEncoding = 4; lastKnownFileType = file.xib; path = DappLinkCell.xib; sourceTree = "<group>"; };
		27DDE9811C84AD7F00527953 /* ScoreboardVC.swift */ = {isa = PBXFileReference; fileEncoding = 4; lastKnownFileType = sourcecode.swift; path = ScoreboardVC.swift; sourceTree = "<group>"; };
		27FD3C041C7DED6000826EBA /* DappLinksVC.swift */ = {isa = PBXFileReference; fileEncoding = 4; lastKnownFileType = sourcecode.swift; path = DappLinksVC.swift; sourceTree = "<group>"; };
		27FD3C071C7DF4FE00826EBA /* AddLinkCell.swift */ = {isa = PBXFileReference; fileEncoding = 4; lastKnownFileType = sourcecode.swift; path = AddLinkCell.swift; sourceTree = "<group>"; };
		27FD3C091C7DF50F00826EBA /* EnterLinkCell.swift */ = {isa = PBXFileReference; fileEncoding = 4; lastKnownFileType = sourcecode.swift; path = EnterLinkCell.swift; sourceTree = "<group>"; };
		27FD3C0B1C7DF51E00826EBA /* LinkCell.swift */ = {isa = PBXFileReference; fileEncoding = 4; lastKnownFileType = sourcecode.swift; path = LinkCell.swift; sourceTree = "<group>"; };
		27FD3C0D1C7DF52C00826EBA /* DeleteLinkCell.swift */ = {isa = PBXFileReference; fileEncoding = 4; lastKnownFileType = sourcecode.swift; path = DeleteLinkCell.swift; sourceTree = "<group>"; };
		4C1D14F11AC9476700040DE1 /* Exo-Black.otf */ = {isa = PBXFileReference; lastKnownFileType = file; path = "Exo-Black.otf"; sourceTree = "<group>"; };
		4CD252C41AA75B33006C9C2E /* FinalDappSubmitViewController.swift */ = {isa = PBXFileReference; fileEncoding = 4; lastKnownFileType = sourcecode.swift; path = FinalDappSubmitViewController.swift; sourceTree = "<group>"; };
		4CD9C9751AA1D59900046CA2 /* DappSign.app */ = {isa = PBXFileReference; explicitFileType = wrapper.application; includeInIndex = 0; path = DappSign.app; sourceTree = BUILT_PRODUCTS_DIR; };
		4CD9C9791AA1D59900046CA2 /* Info.plist */ = {isa = PBXFileReference; lastKnownFileType = text.plist.xml; path = Info.plist; sourceTree = "<group>"; };
		4CD9C97A1AA1D59900046CA2 /* AppDelegate.swift */ = {isa = PBXFileReference; lastKnownFileType = sourcecode.swift; path = AppDelegate.swift; sourceTree = "<group>"; };
		4CD9C97D1AA1D59900046CA2 /* DappSign.xcdatamodel */ = {isa = PBXFileReference; lastKnownFileType = wrapper.xcdatamodel; path = DappSign.xcdatamodel; sourceTree = "<group>"; };
		4CD9C97F1AA1D59900046CA2 /* ViewController.swift */ = {isa = PBXFileReference; lastKnownFileType = sourcecode.swift; path = ViewController.swift; sourceTree = "<group>"; };
		4CD9C9821AA1D59900046CA2 /* Base */ = {isa = PBXFileReference; lastKnownFileType = file.storyboard; name = Base; path = Base.lproj/Main.storyboard; sourceTree = "<group>"; };
		4CD9C9841AA1D59900046CA2 /* Images.xcassets */ = {isa = PBXFileReference; lastKnownFileType = folder.assetcatalog; path = Images.xcassets; sourceTree = "<group>"; };
		4CD9C9871AA1D59900046CA2 /* Base */ = {isa = PBXFileReference; lastKnownFileType = file.xib; name = Base; path = Base.lproj/LaunchScreen.xib; sourceTree = "<group>"; };
		4CD9C98D1AA1D59900046CA2 /* DappSignTests.xctest */ = {isa = PBXFileReference; explicitFileType = wrapper.cfbundle; includeInIndex = 0; path = DappSignTests.xctest; sourceTree = BUILT_PRODUCTS_DIR; };
		4CD9C9921AA1D59900046CA2 /* Info.plist */ = {isa = PBXFileReference; lastKnownFileType = text.plist.xml; path = Info.plist; sourceTree = "<group>"; };
		4CD9C9931AA1D59900046CA2 /* DappSignTests.swift */ = {isa = PBXFileReference; lastKnownFileType = sourcecode.swift; path = DappSignTests.swift; sourceTree = "<group>"; };
		4CD9C9A01AA1DC5000046CA2 /* Bridging-Header.h */ = {isa = PBXFileReference; lastKnownFileType = sourcecode.c.h; path = "Bridging-Header.h"; sourceTree = "<group>"; };
		4CD9C9A21AA1DDEE00046CA2 /* Parse.framework */ = {isa = PBXFileReference; lastKnownFileType = wrapper.framework; path = Parse.framework; sourceTree = "<group>"; };
		4CD9C9A51AA1DE1D00046CA2 /* AudioToolbox.framework */ = {isa = PBXFileReference; lastKnownFileType = wrapper.framework; name = AudioToolbox.framework; path = System/Library/Frameworks/AudioToolbox.framework; sourceTree = SDKROOT; };
		4CD9C9A71AA1DE2600046CA2 /* CFNetwork.framework */ = {isa = PBXFileReference; lastKnownFileType = wrapper.framework; name = CFNetwork.framework; path = System/Library/Frameworks/CFNetwork.framework; sourceTree = SDKROOT; };
		4CD9C9A91AA1DE3000046CA2 /* CoreGraphics.framework */ = {isa = PBXFileReference; lastKnownFileType = wrapper.framework; name = CoreGraphics.framework; path = System/Library/Frameworks/CoreGraphics.framework; sourceTree = SDKROOT; };
		4CD9C9AB1AA1DE3700046CA2 /* CoreLocation.framework */ = {isa = PBXFileReference; lastKnownFileType = wrapper.framework; name = CoreLocation.framework; path = System/Library/Frameworks/CoreLocation.framework; sourceTree = SDKROOT; };
		4CD9C9AD1AA1DE4300046CA2 /* MobileCoreServices.framework */ = {isa = PBXFileReference; lastKnownFileType = wrapper.framework; name = MobileCoreServices.framework; path = System/Library/Frameworks/MobileCoreServices.framework; sourceTree = SDKROOT; };
		4CD9C9AF1AA1DE4E00046CA2 /* QuartzCore.framework */ = {isa = PBXFileReference; lastKnownFileType = wrapper.framework; name = QuartzCore.framework; path = System/Library/Frameworks/QuartzCore.framework; sourceTree = SDKROOT; };
		4CD9C9B11AA1DE5500046CA2 /* Security.framework */ = {isa = PBXFileReference; lastKnownFileType = wrapper.framework; name = Security.framework; path = System/Library/Frameworks/Security.framework; sourceTree = SDKROOT; };
		4CD9C9B31AA1DE5F00046CA2 /* StoreKit.framework */ = {isa = PBXFileReference; lastKnownFileType = wrapper.framework; name = StoreKit.framework; path = System/Library/Frameworks/StoreKit.framework; sourceTree = SDKROOT; };
		4CD9C9B51AA1DE6F00046CA2 /* SystemConfiguration.framework */ = {isa = PBXFileReference; lastKnownFileType = wrapper.framework; name = SystemConfiguration.framework; path = System/Library/Frameworks/SystemConfiguration.framework; sourceTree = SDKROOT; };
		4CD9C9B71AA1DE7800046CA2 /* libz.dylib */ = {isa = PBXFileReference; lastKnownFileType = "compiled.mach-o.dylib"; name = libz.dylib; path = usr/lib/libz.dylib; sourceTree = SDKROOT; };
		4CD9C9B91AA1DEB300046CA2 /* ParseFacebookUtils.framework */ = {isa = PBXFileReference; lastKnownFileType = wrapper.framework; path = ParseFacebookUtils.framework; sourceTree = "<group>"; };
		4CD9C9BB1AA1DED900046CA2 /* libsqlite3.dylib */ = {isa = PBXFileReference; lastKnownFileType = "compiled.mach-o.dylib"; name = libsqlite3.dylib; path = usr/lib/libsqlite3.dylib; sourceTree = SDKROOT; };
		4CD9C9BD1AA1EBBD00046CA2 /* HomeViewController.swift */ = {isa = PBXFileReference; fileEncoding = 4; lastKnownFileType = sourcecode.swift; path = HomeViewController.swift; sourceTree = "<group>"; };
		4CD9C9C01AA1EC1A00046CA2 /* BlurView.swift */ = {isa = PBXFileReference; fileEncoding = 4; lastKnownFileType = sourcecode.swift; path = BlurView.swift; sourceTree = "<group>"; };
		4CD9C9C11AA1EC1A00046CA2 /* DappColors.swift */ = {isa = PBXFileReference; fileEncoding = 4; lastKnownFileType = sourcecode.swift; path = DappColors.swift; sourceTree = "<group>"; };
		4CD9C9C21AA1EC1A00046CA2 /* DappFonts.swift */ = {isa = PBXFileReference; fileEncoding = 4; lastKnownFileType = sourcecode.swift; path = DappFonts.swift; sourceTree = "<group>"; };
		4CD9C9C31AA1EC1A00046CA2 /* Data.swift */ = {isa = PBXFileReference; fileEncoding = 4; lastKnownFileType = sourcecode.swift; path = Data.swift; sourceTree = "<group>"; };
		4CD9C9C41AA1EC1A00046CA2 /* DesignableView.swift */ = {isa = PBXFileReference; fileEncoding = 4; lastKnownFileType = sourcecode.swift; path = DesignableView.swift; sourceTree = "<group>"; };
		4CD9C9C51AA1EC1A00046CA2 /* Misc.swift */ = {isa = PBXFileReference; fileEncoding = 4; lastKnownFileType = sourcecode.swift; path = Misc.swift; sourceTree = "<group>"; };
		4CD9C9C61AA1EC1A00046CA2 /* SpringAnimation.swift */ = {isa = PBXFileReference; fileEncoding = 4; lastKnownFileType = sourcecode.swift; path = SpringAnimation.swift; sourceTree = "<group>"; };
		4CD9C9CF1AA21A5100046CA2 /* banksia.ttf */ = {isa = PBXFileReference; lastKnownFileType = file; path = banksia.ttf; sourceTree = "<group>"; };
		4CD9C9D01AA21A5100046CA2 /* Bellota-Regular.otf */ = {isa = PBXFileReference; lastKnownFileType = file; path = "Bellota-Regular.otf"; sourceTree = "<group>"; };
		4CD9C9D11AA21A5100046CA2 /* Capture_it.ttf */ = {isa = PBXFileReference; lastKnownFileType = file; path = Capture_it.ttf; sourceTree = "<group>"; };
		4CD9C9D21AA21A5100046CA2 /* Elsie-Regular.otf */ = {isa = PBXFileReference; lastKnownFileType = file; path = "Elsie-Regular.otf"; sourceTree = "<group>"; };
		4CD9C9D31AA21A5100046CA2 /* Exo-Regular.otf */ = {isa = PBXFileReference; lastKnownFileType = file; path = "Exo-Regular.otf"; sourceTree = "<group>"; };
		4CD9C9D41AA21A5100046CA2 /* KlinicSlabMedium.otf */ = {isa = PBXFileReference; lastKnownFileType = file; path = KlinicSlabMedium.otf; sourceTree = "<group>"; };
		4CD9C9D51AA21A5100046CA2 /* PrintClearly.otf */ = {isa = PBXFileReference; lastKnownFileType = file; path = PrintClearly.otf; sourceTree = "<group>"; };
		4CD9C9D61AA21A5100046CA2 /* Sansation-Regular.ttf */ = {isa = PBXFileReference; lastKnownFileType = file; path = "Sansation-Regular.ttf"; sourceTree = "<group>"; };
		4CD9C9D71AA21A5100046CA2 /* Walkway_SemiBold.ttf */ = {isa = PBXFileReference; lastKnownFileType = file; path = Walkway_SemiBold.ttf; sourceTree = "<group>"; };
		4CD9C9E11AA21C4C00046CA2 /* Exo-SemiBold.otf */ = {isa = PBXFileReference; lastKnownFileType = file; path = "Exo-SemiBold.otf"; sourceTree = "<group>"; };
		4CD9C9E31AA4425600046CA2 /* AddDappViewController.swift */ = {isa = PBXFileReference; fileEncoding = 4; lastKnownFileType = sourcecode.swift; path = AddDappViewController.swift; sourceTree = "<group>"; };
		4CD9C9E51AA4FA1900046CA2 /* ProfileViewController.swift */ = {isa = PBXFileReference; fileEncoding = 4; lastKnownFileType = sourcecode.swift; path = ProfileViewController.swift; sourceTree = "<group>"; };
		66EC7BFAEB1D53CB2FF2709D /* Pods-DappSignTests.debug.xcconfig */ = {isa = PBXFileReference; includeInIndex = 1; lastKnownFileType = text.xcconfig; name = "Pods-DappSignTests.debug.xcconfig"; path = "Pods/Target Support Files/Pods-DappSignTests/Pods-DappSignTests.debug.xcconfig"; sourceTree = "<group>"; };
		675070C473162647AB60B5DC /* Pods-DappSign.debug.xcconfig */ = {isa = PBXFileReference; includeInIndex = 1; lastKnownFileType = text.xcconfig; name = "Pods-DappSign.debug.xcconfig"; path = "Pods/Target Support Files/Pods-DappSign/Pods-DappSign.debug.xcconfig"; sourceTree = "<group>"; };
		6A499C0095D78A98A4C86874 /* libPods-DappSignTests.a */ = {isa = PBXFileReference; explicitFileType = archive.ar; includeInIndex = 0; path = "libPods-DappSignTests.a"; sourceTree = BUILT_PRODUCTS_DIR; };
		84726EE51ABD6DDB003EA408 /* NSObjectPerformOnlyOneTime.swift */ = {isa = PBXFileReference; fileEncoding = 4; lastKnownFileType = sourcecode.swift; path = NSObjectPerformOnlyOneTime.swift; sourceTree = "<group>"; };
		849A63E51ABB7C6200A10BEF /* SearchTableViewController.swift */ = {isa = PBXFileReference; fileEncoding = 4; lastKnownFileType = sourcecode.swift; path = SearchTableViewController.swift; sourceTree = "<group>"; };
		84C3D34D1AB4D4DD00E0F350 /* DappQueriesBuilder.swift */ = {isa = PBXFileReference; fileEncoding = 4; lastKnownFileType = sourcecode.swift; path = DappQueriesBuilder.swift; sourceTree = "<group>"; };
		84C3D3861AB6030E00E0F350 /* DappCardCell.swift */ = {isa = PBXFileReference; fileEncoding = 4; lastKnownFileType = sourcecode.swift; path = DappCardCell.swift; sourceTree = "<group>"; };
		84C648B61ABDA85300C1B4D8 /* DappProfileCell.swift */ = {isa = PBXFileReference; fileEncoding = 4; lastKnownFileType = sourcecode.swift; path = DappProfileCell.swift; sourceTree = "<group>"; };
		84D848731AC726D000D1B3F9 /* NSMutableArray+SWUtilityButtons.h */ = {isa = PBXFileReference; fileEncoding = 4; lastKnownFileType = sourcecode.c.h; path = "NSMutableArray+SWUtilityButtons.h"; sourceTree = "<group>"; };
		84D848741AC726D000D1B3F9 /* NSMutableArray+SWUtilityButtons.m */ = {isa = PBXFileReference; fileEncoding = 4; lastKnownFileType = sourcecode.c.objc; path = "NSMutableArray+SWUtilityButtons.m"; sourceTree = "<group>"; };
		84D848751AC726D000D1B3F9 /* SWCellScrollView.h */ = {isa = PBXFileReference; fileEncoding = 4; lastKnownFileType = sourcecode.c.h; path = SWCellScrollView.h; sourceTree = "<group>"; };
		84D848761AC726D000D1B3F9 /* SWCellScrollView.m */ = {isa = PBXFileReference; fileEncoding = 4; lastKnownFileType = sourcecode.c.objc; path = SWCellScrollView.m; sourceTree = "<group>"; };
		84D848771AC726D000D1B3F9 /* SWLongPressGestureRecognizer.h */ = {isa = PBXFileReference; fileEncoding = 4; lastKnownFileType = sourcecode.c.h; path = SWLongPressGestureRecognizer.h; sourceTree = "<group>"; };
		84D848781AC726D000D1B3F9 /* SWLongPressGestureRecognizer.m */ = {isa = PBXFileReference; fileEncoding = 4; lastKnownFileType = sourcecode.c.objc; path = SWLongPressGestureRecognizer.m; sourceTree = "<group>"; };
		84D848791AC726D000D1B3F9 /* SWTableViewCell.h */ = {isa = PBXFileReference; fileEncoding = 4; lastKnownFileType = sourcecode.c.h; path = SWTableViewCell.h; sourceTree = "<group>"; };
		84D8487A1AC726D000D1B3F9 /* SWTableViewCell.m */ = {isa = PBXFileReference; fileEncoding = 4; lastKnownFileType = sourcecode.c.objc; path = SWTableViewCell.m; sourceTree = "<group>"; };
		84D8487B1AC726D000D1B3F9 /* SWUtilityButtonTapGestureRecognizer.h */ = {isa = PBXFileReference; fileEncoding = 4; lastKnownFileType = sourcecode.c.h; path = SWUtilityButtonTapGestureRecognizer.h; sourceTree = "<group>"; };
		84D8487C1AC726D000D1B3F9 /* SWUtilityButtonTapGestureRecognizer.m */ = {isa = PBXFileReference; fileEncoding = 4; lastKnownFileType = sourcecode.c.objc; path = SWUtilityButtonTapGestureRecognizer.m; sourceTree = "<group>"; };
		84D8487D1AC726D000D1B3F9 /* SWUtilityButtonView.h */ = {isa = PBXFileReference; fileEncoding = 4; lastKnownFileType = sourcecode.c.h; path = SWUtilityButtonView.h; sourceTree = "<group>"; };
		84D8487E1AC726D000D1B3F9 /* SWUtilityButtonView.m */ = {isa = PBXFileReference; fileEncoding = 4; lastKnownFileType = sourcecode.c.objc; path = SWUtilityButtonView.m; sourceTree = "<group>"; };
		9FFC6B2358C65BC5E5FD6B0A /* Pods-DappSignTests.release.xcconfig */ = {isa = PBXFileReference; includeInIndex = 1; lastKnownFileType = text.xcconfig; name = "Pods-DappSignTests.release.xcconfig"; path = "Pods/Target Support Files/Pods-DappSignTests/Pods-DappSignTests.release.xcconfig"; sourceTree = "<group>"; };
		B37714681ACD5A4200B5AE77 /* FacebookBridge.h */ = {isa = PBXFileReference; fileEncoding = 4; lastKnownFileType = sourcecode.c.h; path = FacebookBridge.h; sourceTree = "<group>"; };
		B37714691ACD5A4200B5AE77 /* FacebookBridge.m */ = {isa = PBXFileReference; fileEncoding = 4; lastKnownFileType = sourcecode.c.objc; path = FacebookBridge.m; sourceTree = "<group>"; };
		BA2C8EBFD782538F6BC8E13E /* libPods-DappSign.a */ = {isa = PBXFileReference; explicitFileType = archive.ar; includeInIndex = 0; path = "libPods-DappSign.a"; sourceTree = BUILT_PRODUCTS_DIR; };
		C886EE679BC1674B59807AAB /* Pods-DappSign.release.xcconfig */ = {isa = PBXFileReference; includeInIndex = 1; lastKnownFileType = text.xcconfig; name = "Pods-DappSign.release.xcconfig"; path = "Pods/Target Support Files/Pods-DappSign/Pods-DappSign.release.xcconfig"; sourceTree = "<group>"; };
		F372464A1AD3ED3C00AD56E2 /* Nextbutton.png */ = {isa = PBXFileReference; lastKnownFileType = image.png; path = Nextbutton.png; sourceTree = "<group>"; };
		F372464B1AD3ED3C00AD56E2 /* Nextbutton@2x.png */ = {isa = PBXFileReference; lastKnownFileType = image.png; path = "Nextbutton@2x.png"; sourceTree = "<group>"; };
		F372464C1AD3ED3C00AD56E2 /* Nextbutton@3x.png */ = {isa = PBXFileReference; lastKnownFileType = image.png; path = "Nextbutton@3x.png"; sourceTree = "<group>"; };
		F37246521AD3ED5300AD56E2 /* ZipCodeViewController.swift */ = {isa = PBXFileReference; fileEncoding = 4; lastKnownFileType = sourcecode.swift; path = ZipCodeViewController.swift; sourceTree = "<group>"; };
		F37246571AD3ED7600AD56E2 /* MKAnnotationView+WebCache.h */ = {isa = PBXFileReference; fileEncoding = 4; lastKnownFileType = sourcecode.c.h; path = "MKAnnotationView+WebCache.h"; sourceTree = "<group>"; };
		F37246581AD3ED7600AD56E2 /* MKAnnotationView+WebCache.m */ = {isa = PBXFileReference; fileEncoding = 4; lastKnownFileType = sourcecode.c.objc; path = "MKAnnotationView+WebCache.m"; sourceTree = "<group>"; };
		F37246591AD3ED7600AD56E2 /* NSData+ImageContentType.h */ = {isa = PBXFileReference; fileEncoding = 4; lastKnownFileType = sourcecode.c.h; path = "NSData+ImageContentType.h"; sourceTree = "<group>"; };
		F372465A1AD3ED7600AD56E2 /* NSData+ImageContentType.m */ = {isa = PBXFileReference; fileEncoding = 4; lastKnownFileType = sourcecode.c.objc; path = "NSData+ImageContentType.m"; sourceTree = "<group>"; };
		F372465B1AD3ED7600AD56E2 /* SDImageCache.h */ = {isa = PBXFileReference; fileEncoding = 4; lastKnownFileType = sourcecode.c.h; path = SDImageCache.h; sourceTree = "<group>"; };
		F372465C1AD3ED7600AD56E2 /* SDImageCache.m */ = {isa = PBXFileReference; fileEncoding = 4; lastKnownFileType = sourcecode.c.objc; path = SDImageCache.m; sourceTree = "<group>"; };
		F372465D1AD3ED7600AD56E2 /* SDWebImageCompat.h */ = {isa = PBXFileReference; fileEncoding = 4; lastKnownFileType = sourcecode.c.h; path = SDWebImageCompat.h; sourceTree = "<group>"; };
		F372465E1AD3ED7600AD56E2 /* SDWebImageCompat.m */ = {isa = PBXFileReference; fileEncoding = 4; lastKnownFileType = sourcecode.c.objc; path = SDWebImageCompat.m; sourceTree = "<group>"; };
		F372465F1AD3ED7600AD56E2 /* SDWebImageDecoder.h */ = {isa = PBXFileReference; fileEncoding = 4; lastKnownFileType = sourcecode.c.h; path = SDWebImageDecoder.h; sourceTree = "<group>"; };
		F37246601AD3ED7600AD56E2 /* SDWebImageDecoder.m */ = {isa = PBXFileReference; fileEncoding = 4; lastKnownFileType = sourcecode.c.objc; path = SDWebImageDecoder.m; sourceTree = "<group>"; };
		F37246611AD3ED7600AD56E2 /* SDWebImageDownloader.h */ = {isa = PBXFileReference; fileEncoding = 4; lastKnownFileType = sourcecode.c.h; path = SDWebImageDownloader.h; sourceTree = "<group>"; };
		F37246621AD3ED7600AD56E2 /* SDWebImageDownloader.m */ = {isa = PBXFileReference; fileEncoding = 4; lastKnownFileType = sourcecode.c.objc; path = SDWebImageDownloader.m; sourceTree = "<group>"; };
		F37246631AD3ED7600AD56E2 /* SDWebImageDownloaderOperation.h */ = {isa = PBXFileReference; fileEncoding = 4; lastKnownFileType = sourcecode.c.h; path = SDWebImageDownloaderOperation.h; sourceTree = "<group>"; };
		F37246641AD3ED7600AD56E2 /* SDWebImageDownloaderOperation.m */ = {isa = PBXFileReference; fileEncoding = 4; lastKnownFileType = sourcecode.c.objc; path = SDWebImageDownloaderOperation.m; sourceTree = "<group>"; };
		F37246651AD3ED7600AD56E2 /* SDWebImageManager.h */ = {isa = PBXFileReference; fileEncoding = 4; lastKnownFileType = sourcecode.c.h; path = SDWebImageManager.h; sourceTree = "<group>"; };
		F37246661AD3ED7600AD56E2 /* SDWebImageManager.m */ = {isa = PBXFileReference; fileEncoding = 4; lastKnownFileType = sourcecode.c.objc; path = SDWebImageManager.m; sourceTree = "<group>"; };
		F37246671AD3ED7600AD56E2 /* SDWebImageOperation.h */ = {isa = PBXFileReference; fileEncoding = 4; lastKnownFileType = sourcecode.c.h; path = SDWebImageOperation.h; sourceTree = "<group>"; };
		F37246681AD3ED7600AD56E2 /* SDWebImagePrefetcher.h */ = {isa = PBXFileReference; fileEncoding = 4; lastKnownFileType = sourcecode.c.h; path = SDWebImagePrefetcher.h; sourceTree = "<group>"; };
		F37246691AD3ED7600AD56E2 /* SDWebImagePrefetcher.m */ = {isa = PBXFileReference; fileEncoding = 4; lastKnownFileType = sourcecode.c.objc; path = SDWebImagePrefetcher.m; sourceTree = "<group>"; };
		F372466A1AD3ED7600AD56E2 /* UIButton+WebCache.h */ = {isa = PBXFileReference; fileEncoding = 4; lastKnownFileType = sourcecode.c.h; path = "UIButton+WebCache.h"; sourceTree = "<group>"; };
		F372466B1AD3ED7600AD56E2 /* UIButton+WebCache.m */ = {isa = PBXFileReference; fileEncoding = 4; lastKnownFileType = sourcecode.c.objc; path = "UIButton+WebCache.m"; sourceTree = "<group>"; };
		F372466C1AD3ED7600AD56E2 /* UIImage+GIF.h */ = {isa = PBXFileReference; fileEncoding = 4; lastKnownFileType = sourcecode.c.h; path = "UIImage+GIF.h"; sourceTree = "<group>"; };
		F372466D1AD3ED7600AD56E2 /* UIImage+GIF.m */ = {isa = PBXFileReference; fileEncoding = 4; lastKnownFileType = sourcecode.c.objc; path = "UIImage+GIF.m"; sourceTree = "<group>"; };
		F372466E1AD3ED7600AD56E2 /* UIImage+MultiFormat.h */ = {isa = PBXFileReference; fileEncoding = 4; lastKnownFileType = sourcecode.c.h; path = "UIImage+MultiFormat.h"; sourceTree = "<group>"; };
		F372466F1AD3ED7600AD56E2 /* UIImage+MultiFormat.m */ = {isa = PBXFileReference; fileEncoding = 4; lastKnownFileType = sourcecode.c.objc; path = "UIImage+MultiFormat.m"; sourceTree = "<group>"; };
		F37246701AD3ED7600AD56E2 /* UIImage+WebP.h */ = {isa = PBXFileReference; fileEncoding = 4; lastKnownFileType = sourcecode.c.h; path = "UIImage+WebP.h"; sourceTree = "<group>"; };
		F37246711AD3ED7600AD56E2 /* UIImage+WebP.m */ = {isa = PBXFileReference; fileEncoding = 4; lastKnownFileType = sourcecode.c.objc; path = "UIImage+WebP.m"; sourceTree = "<group>"; };
		F37246721AD3ED7600AD56E2 /* UIImageView+HighlightedWebCache.h */ = {isa = PBXFileReference; fileEncoding = 4; lastKnownFileType = sourcecode.c.h; path = "UIImageView+HighlightedWebCache.h"; sourceTree = "<group>"; };
		F37246731AD3ED7600AD56E2 /* UIImageView+HighlightedWebCache.m */ = {isa = PBXFileReference; fileEncoding = 4; lastKnownFileType = sourcecode.c.objc; path = "UIImageView+HighlightedWebCache.m"; sourceTree = "<group>"; };
		F37246741AD3ED7600AD56E2 /* UIImageView+WebCache.h */ = {isa = PBXFileReference; fileEncoding = 4; lastKnownFileType = sourcecode.c.h; path = "UIImageView+WebCache.h"; sourceTree = "<group>"; };
		F37246751AD3ED7600AD56E2 /* UIImageView+WebCache.m */ = {isa = PBXFileReference; fileEncoding = 4; lastKnownFileType = sourcecode.c.objc; path = "UIImageView+WebCache.m"; sourceTree = "<group>"; };
		F37246761AD3ED7600AD56E2 /* UIView+WebCacheOperation.h */ = {isa = PBXFileReference; fileEncoding = 4; lastKnownFileType = sourcecode.c.h; path = "UIView+WebCacheOperation.h"; sourceTree = "<group>"; };
		F37246771AD3ED7600AD56E2 /* UIView+WebCacheOperation.m */ = {isa = PBXFileReference; fileEncoding = 4; lastKnownFileType = sourcecode.c.objc; path = "UIView+WebCacheOperation.m"; sourceTree = "<group>"; };
/* End PBXFileReference section */

/* Begin PBXFrameworksBuildPhase section */
		4CD9C9721AA1D59900046CA2 /* Frameworks */ = {
			isa = PBXFrameworksBuildPhase;
			buildActionMask = 2147483647;
			files = (
				279D4D451BA9A7DB00408B90 /* libxml2.dylib in Frameworks */,
				271431811AB08741002F9527 /* FacebookSDK.framework in Frameworks */,
				4CD9C9BC1AA1DED900046CA2 /* libsqlite3.dylib in Frameworks */,
				4CD9C9BA1AA1DEB300046CA2 /* ParseFacebookUtils.framework in Frameworks */,
				4CD9C9B81AA1DE7800046CA2 /* libz.dylib in Frameworks */,
				4CD9C9B61AA1DE6F00046CA2 /* SystemConfiguration.framework in Frameworks */,
				4CD9C9B41AA1DE5F00046CA2 /* StoreKit.framework in Frameworks */,
				4CD9C9B21AA1DE5500046CA2 /* Security.framework in Frameworks */,
				4CD9C9B01AA1DE4E00046CA2 /* QuartzCore.framework in Frameworks */,
				4CD9C9AE1AA1DE4300046CA2 /* MobileCoreServices.framework in Frameworks */,
				4CD9C9AC1AA1DE3700046CA2 /* CoreLocation.framework in Frameworks */,
				4CD9C9AA1AA1DE3000046CA2 /* CoreGraphics.framework in Frameworks */,
				4CD9C9A81AA1DE2600046CA2 /* CFNetwork.framework in Frameworks */,
				4CD9C9A61AA1DE1D00046CA2 /* AudioToolbox.framework in Frameworks */,
				4CD9C9A41AA1DDEE00046CA2 /* Parse.framework in Frameworks */,
				A647EE2FE1601F61639F15EE /* libPods-DappSign.a in Frameworks */,
			);
			runOnlyForDeploymentPostprocessing = 0;
		};
		4CD9C98A1AA1D59900046CA2 /* Frameworks */ = {
			isa = PBXFrameworksBuildPhase;
			buildActionMask = 2147483647;
			files = (
				DC9324174E305177A18694BC /* libPods-DappSignTests.a in Frameworks */,
			);
			runOnlyForDeploymentPostprocessing = 0;
		};
/* End PBXFrameworksBuildPhase section */

/* Begin PBXGroup section */
		279D4D3D1BA9A2B300408B90 /* HTML Parser */ = {
			isa = PBXGroup;
			children = (
				279D4D3E1BA9A2D700408B90 /* HTMLNode.h */,
				279D4D3F1BA9A2D700408B90 /* HTMLNode.m */,
				279D4D401BA9A2D700408B90 /* HTMLParser.h */,
				279D4D411BA9A2D700408B90 /* HTMLParser.m */,
			);
			name = "HTML Parser";
			sourceTree = "<group>";
		};
		27FD3C061C7DF4D700826EBA /* Link cells */ = {
			isa = PBXGroup;
			children = (
				27FD3C071C7DF4FE00826EBA /* AddLinkCell.swift */,
				27FD3C091C7DF50F00826EBA /* EnterLinkCell.swift */,
				27FD3C0B1C7DF51E00826EBA /* LinkCell.swift */,
				27FD3C0D1C7DF52C00826EBA /* DeleteLinkCell.swift */,
			);
			name = "Link cells";
			sourceTree = "<group>";
		};
		4CD9C96C1AA1D59900046CA2 = {
			isa = PBXGroup;
			children = (
				4CD9C9771AA1D59900046CA2 /* DappSign */,
				4CD9C9901AA1D59900046CA2 /* DappSignTests */,
				4CD9C9761AA1D59900046CA2 /* Products */,
				F6D6C2075F2D0C5DBA6DCD66 /* Pods */,
				67BBEE9B11C81943F78F85FD /* Frameworks */,
			);
			sourceTree = "<group>";
		};
		4CD9C9761AA1D59900046CA2 /* Products */ = {
			isa = PBXGroup;
			children = (
				4CD9C9751AA1D59900046CA2 /* DappSign.app */,
				4CD9C98D1AA1D59900046CA2 /* DappSignTests.xctest */,
			);
			name = Products;
			sourceTree = "<group>";
		};
		4CD9C9771AA1D59900046CA2 /* DappSign */ = {
			isa = PBXGroup;
			children = (
				84C3D3851AB602A600E0F350 /* Other */,
				84C3D3841AB5FF0500E0F350 /* Extensions */,
				84C3D3831AB5FEF500E0F350 /* Helpers */,
				84C3D3821AB5FECF00E0F350 /* View Controllers */,
				84C3D3811AB5FEC700E0F350 /* Views */,
				4CD9C9A01AA1DC5000046CA2 /* Bridging-Header.h */,
				4CD9C97A1AA1D59900046CA2 /* AppDelegate.swift */,
				4CD9C9811AA1D59900046CA2 /* Main.storyboard */,
				4CD9C9841AA1D59900046CA2 /* Images.xcassets */,
				4CD9C9861AA1D59900046CA2 /* LaunchScreen.xib */,
				4CD9C97C1AA1D59900046CA2 /* DappSign.xcdatamodeld */,
				4CD9C9781AA1D59900046CA2 /* Supporting Files */,
			);
			path = DappSign;
			sourceTree = "<group>";
		};
		4CD9C9781AA1D59900046CA2 /* Supporting Files */ = {
			isa = PBXGroup;
			children = (
				4CD9C9CE1AA21A5100046CA2 /* Fonts */,
				4CD9C9E21AA21CAA00046CA2 /* Design */,
				4CD9C9BF1AA1EC1A00046CA2 /* Spring */,
				4CD9C99F1AA1DA8100046CA2 /* Frameworks */,
				4CD9C9791AA1D59900046CA2 /* Info.plist */,
			);
			name = "Supporting Files";
			sourceTree = "<group>";
		};
		4CD9C9901AA1D59900046CA2 /* DappSignTests */ = {
			isa = PBXGroup;
			children = (
				4CD9C9931AA1D59900046CA2 /* DappSignTests.swift */,
				4CD9C9911AA1D59900046CA2 /* Supporting Files */,
			);
			path = DappSignTests;
			sourceTree = "<group>";
		};
		4CD9C9911AA1D59900046CA2 /* Supporting Files */ = {
			isa = PBXGroup;
			children = (
				4CD9C9921AA1D59900046CA2 /* Info.plist */,
			);
			name = "Supporting Files";
			sourceTree = "<group>";
		};
		4CD9C99F1AA1DA8100046CA2 /* Frameworks */ = {
			isa = PBXGroup;
			children = (
				279D4D441BA9A7DB00408B90 /* libxml2.dylib */,
				2714317F1AB086AB002F9527 /* FacebookSDK.framework */,
				4CD9C9BB1AA1DED900046CA2 /* libsqlite3.dylib */,
				4CD9C9B71AA1DE7800046CA2 /* libz.dylib */,
				4CD9C9B91AA1DEB300046CA2 /* ParseFacebookUtils.framework */,
				4CD9C9B51AA1DE6F00046CA2 /* SystemConfiguration.framework */,
				4CD9C9B31AA1DE5F00046CA2 /* StoreKit.framework */,
				4CD9C9B11AA1DE5500046CA2 /* Security.framework */,
				4CD9C9AF1AA1DE4E00046CA2 /* QuartzCore.framework */,
				4CD9C9AD1AA1DE4300046CA2 /* MobileCoreServices.framework */,
				4CD9C9AB1AA1DE3700046CA2 /* CoreLocation.framework */,
				4CD9C9A91AA1DE3000046CA2 /* CoreGraphics.framework */,
				4CD9C9A71AA1DE2600046CA2 /* CFNetwork.framework */,
				4CD9C9A51AA1DE1D00046CA2 /* AudioToolbox.framework */,
				4CD9C9A21AA1DDEE00046CA2 /* Parse.framework */,
			);
			name = Frameworks;
			sourceTree = "<group>";
		};
		4CD9C9BF1AA1EC1A00046CA2 /* Spring */ = {
			isa = PBXGroup;
			children = (
				4CD9C9C01AA1EC1A00046CA2 /* BlurView.swift */,
				4CD9C9C31AA1EC1A00046CA2 /* Data.swift */,
				4CD9C9C41AA1EC1A00046CA2 /* DesignableView.swift */,
				4CD9C9C51AA1EC1A00046CA2 /* Misc.swift */,
				4CD9C9C61AA1EC1A00046CA2 /* SpringAnimation.swift */,
			);
			path = Spring;
			sourceTree = "<group>";
		};
		4CD9C9CE1AA21A5100046CA2 /* Fonts */ = {
			isa = PBXGroup;
			children = (
				4C1D14F11AC9476700040DE1 /* Exo-Black.otf */,
				4CD9C9CF1AA21A5100046CA2 /* banksia.ttf */,
				4CD9C9D01AA21A5100046CA2 /* Bellota-Regular.otf */,
				4CD9C9D11AA21A5100046CA2 /* Capture_it.ttf */,
				4CD9C9D21AA21A5100046CA2 /* Elsie-Regular.otf */,
				4CD9C9E11AA21C4C00046CA2 /* Exo-SemiBold.otf */,
				4CD9C9D31AA21A5100046CA2 /* Exo-Regular.otf */,
				4CD9C9D41AA21A5100046CA2 /* KlinicSlabMedium.otf */,
				4CD9C9D51AA21A5100046CA2 /* PrintClearly.otf */,
				4CD9C9D61AA21A5100046CA2 /* Sansation-Regular.ttf */,
				4CD9C9D71AA21A5100046CA2 /* Walkway_SemiBold.ttf */,
			);
			path = Fonts;
			sourceTree = "<group>";
		};
		4CD9C9E21AA21CAA00046CA2 /* Design */ = {
			isa = PBXGroup;
			children = (
				4CD9C9C11AA1EC1A00046CA2 /* DappColors.swift */,
				4CD9C9C21AA1EC1A00046CA2 /* DappFonts.swift */,
			);
			name = Design;
			path = Spring;
			sourceTree = "<group>";
		};
		67BBEE9B11C81943F78F85FD /* Frameworks */ = {
			isa = PBXGroup;
			children = (
				BA2C8EBFD782538F6BC8E13E /* libPods-DappSign.a */,
				6A499C0095D78A98A4C86874 /* libPods-DappSignTests.a */,
			);
			name = Frameworks;
			sourceTree = "<group>";
		};
		84C3D3811AB5FEC700E0F350 /* Views */ = {
			isa = PBXGroup;
			children = (
				84D848721AC726D000D1B3F9 /* SWTableViewCell */,
				84C3D3861AB6030E00E0F350 /* DappCardCell.swift */,
				84C648B61ABDA85300C1B4D8 /* DappProfileCell.swift */,
				277D910D1BA71BD900941C7B /* SwipeableView.swift */,
				274BB0CB1B99DD5900D6DC44 /* XIBView.swift */,
				27AF934F1B949B690017D8D2 /* PercentsView.swift */,
				274BB0C61B99C3A300D6DC44 /* PercentsView.xib */,
				27811A631B9589F8007E97EE /* DappSignView.swift */,
				27811A671B959A38007E97EE /* DappSignView.xib */,
				27811A691B95C6FE007E97EE /* DappMappView.swift */,
				27811A6B1B95C70D007E97EE /* DappMappView.xib */,
				27DAEFED1BAFF4DF001DA66D /* DappLinksView.swift */,
				27DAEFEF1BAFF4EE001DA66D /* DappLinksView.xib */,
				27DAEFF31BAFF83B001DA66D /* DappLinkCell.swift */,
				27DAEFF41BAFF83B001DA66D /* DappLinkCell.xib */,
				27FD3C061C7DF4D700826EBA /* Link cells */,
				270C05881BB42A3E00C11435 /* LinkView.swift */,
				270C058A1BB42A5900C11435 /* LinkView.xib */,
				274C9CBD1BBD8FB20030F543 /* EmbedDappView.swift */,
				274C9CBF1BBD8FBD0030F543 /* EmbedDappView.xib */,
			);
			name = Views;
			sourceTree = "<group>";
		};
		84C3D3821AB5FECF00E0F350 /* View Controllers */ = {
			isa = PBXGroup;
			children = (
				4CD9C97F1AA1D59900046CA2 /* ViewController.swift */,
				F37246521AD3ED5300AD56E2 /* ZipCodeViewController.swift */,
				4CD9C9BD1AA1EBBD00046CA2 /* HomeViewController.swift */,
				4CD9C9E31AA4425600046CA2 /* AddDappViewController.swift */,
				4CD252C41AA75B33006C9C2E /* FinalDappSubmitViewController.swift */,
				4CD9C9E51AA4FA1900046CA2 /* ProfileViewController.swift */,
				279A31211AB30EA700850508 /* EditDappsTableViewController.swift */,
				279A31231AB31CE700850508 /* DappsTableViewController.swift */,
				849A63E51ABB7C6200A10BEF /* SearchTableViewController.swift */,
				27BA7D811ABC2B4100E480AD /* DappsViewController.swift */,
				27769C171BB179DA00FD34AA /* AddDappLinksVC.swift */,
				27769C191BB179FF00FD34AA /* EditDappLinksVC.swift */,
				27FD3C041C7DED6000826EBA /* DappLinksVC.swift */,
				27DDE9811C84AD7F00527953 /* ScoreboardVC.swift */,
			);
			name = "View Controllers";
			sourceTree = "<group>";
		};
		84C3D3831AB5FEF500E0F350 /* Helpers */ = {
			isa = PBXGroup;
			children = (
				F37246561AD3ED7600AD56E2 /* SDWebImage */,
				2714318A1AB0C462002F9527 /* FacebookHelper.swift */,
				271431951AB0D27C002F9527 /* TwitterHelper.swift */,
				2765383C1B8F232A000C737E /* CongressionalDistrictsIDs.swift */,
				27AF934D1B949A120017D8D2 /* SVGMapGenerator.swift */,
				2788A15E1C738C1D00EBABC7 /* ProhibitedPhrases.swift */,
				277970F91C7F284E006F70ED /* DappLinkHelper.swift */,
				277970FB1C7F6060006F70ED /* LinkCellInfoHelper.swift */,
				2702A6091C89C582002BBBF6 /* DailyDappDatesHelper.swift */,
			);
			name = Helpers;
			sourceTree = "<group>";
		};
		84C3D3841AB5FF0500E0F350 /* Extensions */ = {
			isa = PBXGroup;
			children = (
				271431881AB0C318002F9527 /* UIViewToUIImageExtension.swift */,
				2714318C1AB0CA62002F9527 /* UIViewControllerAlertViewExtension.swift */,
				84726EE51ABD6DDB003EA408 /* NSObjectPerformOnlyOneTime.swift */,
			);
			name = Extensions;
			sourceTree = "<group>";
		};
		84C3D3851AB602A600E0F350 /* Other */ = {
			isa = PBXGroup;
			children = (
				279D4D3D1BA9A2B300408B90 /* HTML Parser */,
				F37246491AD3ED3C00AD56E2 /* images */,
				279A31251AB333AC00850508 /* Enums.swift */,
				27810DF01AB7297300223350 /* IndexedDapps.swift */,
				84C3D34D1AB4D4DD00E0F350 /* DappQueriesBuilder.swift */,
				278B78291AB86B0500EB39AB /* DappsDownloader.swift */,
				271D0DC61ABAD8E400227DE7 /* Requests.swift */,
				B37714681ACD5A4200B5AE77 /* FacebookBridge.h */,
				B37714691ACD5A4200B5AE77 /* FacebookBridge.m */,
				27696F491BB3EDE800EE391F /* Link.swift */,
				271E435C1C7776FD0076DB5F /* Consts.swift */,
			);
			name = Other;
			sourceTree = "<group>";
		};
		84D848721AC726D000D1B3F9 /* SWTableViewCell */ = {
			isa = PBXGroup;
			children = (
				84D848731AC726D000D1B3F9 /* NSMutableArray+SWUtilityButtons.h */,
				84D848741AC726D000D1B3F9 /* NSMutableArray+SWUtilityButtons.m */,
				84D848751AC726D000D1B3F9 /* SWCellScrollView.h */,
				84D848761AC726D000D1B3F9 /* SWCellScrollView.m */,
				84D848771AC726D000D1B3F9 /* SWLongPressGestureRecognizer.h */,
				84D848781AC726D000D1B3F9 /* SWLongPressGestureRecognizer.m */,
				84D848791AC726D000D1B3F9 /* SWTableViewCell.h */,
				84D8487A1AC726D000D1B3F9 /* SWTableViewCell.m */,
				84D8487B1AC726D000D1B3F9 /* SWUtilityButtonTapGestureRecognizer.h */,
				84D8487C1AC726D000D1B3F9 /* SWUtilityButtonTapGestureRecognizer.m */,
				84D8487D1AC726D000D1B3F9 /* SWUtilityButtonView.h */,
				84D8487E1AC726D000D1B3F9 /* SWUtilityButtonView.m */,
			);
			path = SWTableViewCell;
			sourceTree = "<group>";
		};
		F37246491AD3ED3C00AD56E2 /* images */ = {
			isa = PBXGroup;
			children = (
				F372464A1AD3ED3C00AD56E2 /* Nextbutton.png */,
				F372464B1AD3ED3C00AD56E2 /* Nextbutton@2x.png */,
				F372464C1AD3ED3C00AD56E2 /* Nextbutton@3x.png */,
			);
			path = images;
			sourceTree = "<group>";
		};
		F37246561AD3ED7600AD56E2 /* SDWebImage */ = {
			isa = PBXGroup;
			children = (
				F37246571AD3ED7600AD56E2 /* MKAnnotationView+WebCache.h */,
				F37246581AD3ED7600AD56E2 /* MKAnnotationView+WebCache.m */,
				F37246591AD3ED7600AD56E2 /* NSData+ImageContentType.h */,
				F372465A1AD3ED7600AD56E2 /* NSData+ImageContentType.m */,
				F372465B1AD3ED7600AD56E2 /* SDImageCache.h */,
				F372465C1AD3ED7600AD56E2 /* SDImageCache.m */,
				F372465D1AD3ED7600AD56E2 /* SDWebImageCompat.h */,
				F372465E1AD3ED7600AD56E2 /* SDWebImageCompat.m */,
				F372465F1AD3ED7600AD56E2 /* SDWebImageDecoder.h */,
				F37246601AD3ED7600AD56E2 /* SDWebImageDecoder.m */,
				F37246611AD3ED7600AD56E2 /* SDWebImageDownloader.h */,
				F37246621AD3ED7600AD56E2 /* SDWebImageDownloader.m */,
				F37246631AD3ED7600AD56E2 /* SDWebImageDownloaderOperation.h */,
				F37246641AD3ED7600AD56E2 /* SDWebImageDownloaderOperation.m */,
				F37246651AD3ED7600AD56E2 /* SDWebImageManager.h */,
				F37246661AD3ED7600AD56E2 /* SDWebImageManager.m */,
				F37246671AD3ED7600AD56E2 /* SDWebImageOperation.h */,
				F37246681AD3ED7600AD56E2 /* SDWebImagePrefetcher.h */,
				F37246691AD3ED7600AD56E2 /* SDWebImagePrefetcher.m */,
				F372466A1AD3ED7600AD56E2 /* UIButton+WebCache.h */,
				F372466B1AD3ED7600AD56E2 /* UIButton+WebCache.m */,
				F372466C1AD3ED7600AD56E2 /* UIImage+GIF.h */,
				F372466D1AD3ED7600AD56E2 /* UIImage+GIF.m */,
				F372466E1AD3ED7600AD56E2 /* UIImage+MultiFormat.h */,
				F372466F1AD3ED7600AD56E2 /* UIImage+MultiFormat.m */,
				F37246701AD3ED7600AD56E2 /* UIImage+WebP.h */,
				F37246711AD3ED7600AD56E2 /* UIImage+WebP.m */,
				F37246721AD3ED7600AD56E2 /* UIImageView+HighlightedWebCache.h */,
				F37246731AD3ED7600AD56E2 /* UIImageView+HighlightedWebCache.m */,
				F37246741AD3ED7600AD56E2 /* UIImageView+WebCache.h */,
				F37246751AD3ED7600AD56E2 /* UIImageView+WebCache.m */,
				F37246761AD3ED7600AD56E2 /* UIView+WebCacheOperation.h */,
				F37246771AD3ED7600AD56E2 /* UIView+WebCacheOperation.m */,
			);
			path = SDWebImage;
			sourceTree = "<group>";
		};
		F6D6C2075F2D0C5DBA6DCD66 /* Pods */ = {
			isa = PBXGroup;
			children = (
				675070C473162647AB60B5DC /* Pods-DappSign.debug.xcconfig */,
				C886EE679BC1674B59807AAB /* Pods-DappSign.release.xcconfig */,
				66EC7BFAEB1D53CB2FF2709D /* Pods-DappSignTests.debug.xcconfig */,
				9FFC6B2358C65BC5E5FD6B0A /* Pods-DappSignTests.release.xcconfig */,
			);
			name = Pods;
			sourceTree = "<group>";
		};
/* End PBXGroup section */

/* Begin PBXNativeTarget section */
		4CD9C9741AA1D59900046CA2 /* DappSign */ = {
			isa = PBXNativeTarget;
			buildConfigurationList = 4CD9C9971AA1D59900046CA2 /* Build configuration list for PBXNativeTarget "DappSign" */;
			buildPhases = (
				27E9554F5CD7485C5C5D941A /* Check Pods Manifest.lock */,
				4CD9C9711AA1D59900046CA2 /* Sources */,
				4CD9C9721AA1D59900046CA2 /* Frameworks */,
				4CD9C9731AA1D59900046CA2 /* Resources */,
				4C1D14EE1AC943E600040DE1 /* ShellScript */,
				AF138B80AA1237E396FD0B9E /* Copy Pods Resources */,
				BF4026A887271BBDAEF7749C /* Embed Pods Frameworks */,
			);
			buildRules = (
			);
			dependencies = (
			);
			name = DappSign;
			productName = DappSign;
			productReference = 4CD9C9751AA1D59900046CA2 /* DappSign.app */;
			productType = "com.apple.product-type.application";
		};
		4CD9C98C1AA1D59900046CA2 /* DappSignTests */ = {
			isa = PBXNativeTarget;
			buildConfigurationList = 4CD9C99A1AA1D59900046CA2 /* Build configuration list for PBXNativeTarget "DappSignTests" */;
			buildPhases = (
				170738138112BC580D751498 /* Check Pods Manifest.lock */,
				4CD9C9891AA1D59900046CA2 /* Sources */,
				4CD9C98A1AA1D59900046CA2 /* Frameworks */,
				4CD9C98B1AA1D59900046CA2 /* Resources */,
				9A36180BFBEA404743E3AD10 /* Embed Pods Frameworks */,
				E6B94A406B81872BF566388C /* Copy Pods Resources */,
			);
			buildRules = (
			);
			dependencies = (
				4CD9C98F1AA1D59900046CA2 /* PBXTargetDependency */,
			);
			name = DappSignTests;
			productName = DappSignTests;
			productReference = 4CD9C98D1AA1D59900046CA2 /* DappSignTests.xctest */;
			productType = "com.apple.product-type.bundle.unit-test";
		};
/* End PBXNativeTarget section */

/* Begin PBXProject section */
		4CD9C96D1AA1D59900046CA2 /* Project object */ = {
			isa = PBXProject;
			attributes = {
				LastSwiftMigration = 0710;
				LastSwiftUpdateCheck = 0710;
				LastUpgradeCheck = 0610;
				ORGANIZATIONNAME = DappSign;
				TargetAttributes = {
					4CD9C9741AA1D59900046CA2 = {
						CreatedOnToolsVersion = 6.1.1;
					};
					4CD9C98C1AA1D59900046CA2 = {
						CreatedOnToolsVersion = 6.1.1;
						TestTargetID = 4CD9C9741AA1D59900046CA2;
					};
				};
			};
			buildConfigurationList = 4CD9C9701AA1D59900046CA2 /* Build configuration list for PBXProject "DappSign" */;
			compatibilityVersion = "Xcode 3.2";
			developmentRegion = English;
			hasScannedForEncodings = 0;
			knownRegions = (
				en,
				Base,
			);
			mainGroup = 4CD9C96C1AA1D59900046CA2;
			productRefGroup = 4CD9C9761AA1D59900046CA2 /* Products */;
			projectDirPath = "";
			projectRoot = "";
			targets = (
				4CD9C9741AA1D59900046CA2 /* DappSign */,
				4CD9C98C1AA1D59900046CA2 /* DappSignTests */,
			);
		};
/* End PBXProject section */

/* Begin PBXResourcesBuildPhase section */
		4CD9C9731AA1D59900046CA2 /* Resources */ = {
			isa = PBXResourcesBuildPhase;
			buildActionMask = 2147483647;
			files = (
				274BB0C71B99C3A300D6DC44 /* PercentsView.xib in Resources */,
				4CD9C9D91AA21A5100046CA2 /* Bellota-Regular.otf in Resources */,
				4CD9C9DC1AA21A5100046CA2 /* Exo-Regular.otf in Resources */,
				4CD9C9E01AA21A5100046CA2 /* Walkway_SemiBold.ttf in Resources */,
				270C058B1BB42A5900C11435 /* LinkView.xib in Resources */,
				27DAEFF01BAFF4EE001DA66D /* DappLinksView.xib in Resources */,
				4CD9C9DF1AA21A5100046CA2 /* Sansation-Regular.ttf in Resources */,
				27811A681B959A38007E97EE /* DappSignView.xib in Resources */,
				F372464F1AD3ED3C00AD56E2 /* Nextbutton@3x.png in Resources */,
				4CD9C9DE1AA21A5100046CA2 /* PrintClearly.otf in Resources */,
				4CD9C9DD1AA21A5100046CA2 /* KlinicSlabMedium.otf in Resources */,
				4CD9C9D81AA21A5100046CA2 /* banksia.ttf in Resources */,
				4CD9C9DA1AA21A5100046CA2 /* Capture_it.ttf in Resources */,
				F372464E1AD3ED3C00AD56E2 /* Nextbutton@2x.png in Resources */,
				F372464D1AD3ED3C00AD56E2 /* Nextbutton.png in Resources */,
				274C9CC01BBD8FBD0030F543 /* EmbedDappView.xib in Resources */,
				4CD9C9831AA1D59900046CA2 /* Main.storyboard in Resources */,
				27DAEFF61BAFF83B001DA66D /* DappLinkCell.xib in Resources */,
				4CD9C9881AA1D59900046CA2 /* LaunchScreen.xib in Resources */,
				4CD9C9DB1AA21A5100046CA2 /* Elsie-Regular.otf in Resources */,
				27811A6C1B95C70D007E97EE /* DappMappView.xib in Resources */,
				4C1D14F21AC9476700040DE1 /* Exo-Black.otf in Resources */,
				4CD9C9851AA1D59900046CA2 /* Images.xcassets in Resources */,
			);
			runOnlyForDeploymentPostprocessing = 0;
		};
		4CD9C98B1AA1D59900046CA2 /* Resources */ = {
			isa = PBXResourcesBuildPhase;
			buildActionMask = 2147483647;
			files = (
				4C1D14F31AC9476700040DE1 /* Exo-Black.otf in Resources */,
			);
			runOnlyForDeploymentPostprocessing = 0;
		};
/* End PBXResourcesBuildPhase section */

/* Begin PBXShellScriptBuildPhase section */
		170738138112BC580D751498 /* Check Pods Manifest.lock */ = {
			isa = PBXShellScriptBuildPhase;
			buildActionMask = 2147483647;
			files = (
			);
			inputPaths = (
			);
			name = "Check Pods Manifest.lock";
			outputPaths = (
			);
			runOnlyForDeploymentPostprocessing = 0;
			shellPath = /bin/sh;
			shellScript = "diff \"${PODS_ROOT}/../Podfile.lock\" \"${PODS_ROOT}/Manifest.lock\" > /dev/null\nif [[ $? != 0 ]] ; then\n    cat << EOM\nerror: The sandbox is not in sync with the Podfile.lock. Run 'pod install' or update your CocoaPods installation.\nEOM\n    exit 1\nfi\n";
			showEnvVarsInLog = 0;
		};
		27E9554F5CD7485C5C5D941A /* Check Pods Manifest.lock */ = {
			isa = PBXShellScriptBuildPhase;
			buildActionMask = 2147483647;
			files = (
			);
			inputPaths = (
			);
			name = "Check Pods Manifest.lock";
			outputPaths = (
			);
			runOnlyForDeploymentPostprocessing = 0;
			shellPath = /bin/sh;
			shellScript = "diff \"${PODS_ROOT}/../Podfile.lock\" \"${PODS_ROOT}/Manifest.lock\" > /dev/null\nif [[ $? != 0 ]] ; then\n    cat << EOM\nerror: The sandbox is not in sync with the Podfile.lock. Run 'pod install' or update your CocoaPods installation.\nEOM\n    exit 1\nfi\n";
			showEnvVarsInLog = 0;
		};
		4C1D14EE1AC943E600040DE1 /* ShellScript */ = {
			isa = PBXShellScriptBuildPhase;
			buildActionMask = 2147483647;
			files = (
			);
			inputPaths = (
			);
			outputPaths = (
			);
			runOnlyForDeploymentPostprocessing = 0;
			shellPath = /bin/sh;
			shellScript = "${PODS_ROOT}/Fabric/Fabric.framework/run d22483edfe701d576bc4ce54b30b66ee9d8dc2dc 95f50e0f2ff2859c379f76a72c321060314f4b052b472b0466ef1a8d32e585a3";
		};
		9A36180BFBEA404743E3AD10 /* Embed Pods Frameworks */ = {
			isa = PBXShellScriptBuildPhase;
			buildActionMask = 2147483647;
			files = (
			);
			inputPaths = (
			);
			name = "Embed Pods Frameworks";
			outputPaths = (
			);
			runOnlyForDeploymentPostprocessing = 0;
			shellPath = /bin/sh;
			shellScript = "\"${SRCROOT}/Pods/Target Support Files/Pods-DappSignTests/Pods-DappSignTests-frameworks.sh\"\n";
			showEnvVarsInLog = 0;
		};
		AF138B80AA1237E396FD0B9E /* Copy Pods Resources */ = {
			isa = PBXShellScriptBuildPhase;
			buildActionMask = 2147483647;
			files = (
			);
			inputPaths = (
			);
			name = "Copy Pods Resources";
			outputPaths = (
			);
			runOnlyForDeploymentPostprocessing = 0;
			shellPath = /bin/sh;
			shellScript = "\"${SRCROOT}/Pods/Target Support Files/Pods-DappSign/Pods-DappSign-resources.sh\"\n";
			showEnvVarsInLog = 0;
		};
		BF4026A887271BBDAEF7749C /* Embed Pods Frameworks */ = {
			isa = PBXShellScriptBuildPhase;
			buildActionMask = 2147483647;
			files = (
			);
			inputPaths = (
			);
			name = "Embed Pods Frameworks";
			outputPaths = (
			);
			runOnlyForDeploymentPostprocessing = 0;
			shellPath = /bin/sh;
			shellScript = "\"${SRCROOT}/Pods/Target Support Files/Pods-DappSign/Pods-DappSign-frameworks.sh\"\n";
			showEnvVarsInLog = 0;
		};
		E6B94A406B81872BF566388C /* Copy Pods Resources */ = {
			isa = PBXShellScriptBuildPhase;
			buildActionMask = 2147483647;
			files = (
			);
			inputPaths = (
			);
			name = "Copy Pods Resources";
			outputPaths = (
			);
			runOnlyForDeploymentPostprocessing = 0;
			shellPath = /bin/sh;
			shellScript = "\"${SRCROOT}/Pods/Target Support Files/Pods-DappSignTests/Pods-DappSignTests-resources.sh\"\n";
			showEnvVarsInLog = 0;
		};
/* End PBXShellScriptBuildPhase section */

/* Begin PBXSourcesBuildPhase section */
		4CD9C9711AA1D59900046CA2 /* Sources */ = {
			isa = PBXSourcesBuildPhase;
			buildActionMask = 2147483647;
			files = (
				F37246831AD3ED7600AD56E2 /* UIImage+MultiFormat.m in Sources */,
				279D4D431BA9A2D700408B90 /* HTMLParser.m in Sources */,
				F372467D1AD3ED7600AD56E2 /* SDWebImageDownloader.m in Sources */,
				F37246841AD3ED7600AD56E2 /* UIImage+WebP.m in Sources */,
				4CD252C51AA75B33006C9C2E /* FinalDappSubmitViewController.swift in Sources */,
				84D848801AC726D000D1B3F9 /* SWCellScrollView.m in Sources */,
				27811A641B9589F8007E97EE /* DappSignView.swift in Sources */,
				84726EE61ABD6DDB003EA408 /* NSObjectPerformOnlyOneTime.swift in Sources */,
				F37246551AD3ED5300AD56E2 /* ZipCodeViewController.swift in Sources */,
				F37246791AD3ED7600AD56E2 /* NSData+ImageContentType.m in Sources */,
				84C648B71ABDA85300C1B4D8 /* DappProfileCell.swift in Sources */,
				279D4D421BA9A2D700408B90 /* HTMLNode.m in Sources */,
				F372467E1AD3ED7600AD56E2 /* SDWebImageDownloaderOperation.m in Sources */,
				2788A15F1C738C1D00EBABC7 /* ProhibitedPhrases.swift in Sources */,
				4CD9C9C81AA1EC1A00046CA2 /* DappColors.swift in Sources */,
				F372467C1AD3ED7600AD56E2 /* SDWebImageDecoder.m in Sources */,
				27FD3C0E1C7DF52C00826EBA /* DeleteLinkCell.swift in Sources */,
				271E435D1C7776FD0076DB5F /* Consts.swift in Sources */,
				4CD9C9C91AA1EC1A00046CA2 /* DappFonts.swift in Sources */,
				849A63E61ABB7C6200A10BEF /* SearchTableViewController.swift in Sources */,
				2714318B1AB0C463002F9527 /* FacebookHelper.swift in Sources */,
				F37246781AD3ED7600AD56E2 /* MKAnnotationView+WebCache.m in Sources */,
				274C9CBE1BBD8FB20030F543 /* EmbedDappView.swift in Sources */,
				27AF934E1B949A120017D8D2 /* SVGMapGenerator.swift in Sources */,
				F37246851AD3ED7600AD56E2 /* UIImageView+HighlightedWebCache.m in Sources */,
				271431891AB0C318002F9527 /* UIViewToUIImageExtension.swift in Sources */,
				2765383D1B8F232A000C737E /* CongressionalDistrictsIDs.swift in Sources */,
				F37246811AD3ED7600AD56E2 /* UIButton+WebCache.m in Sources */,
				84D848821AC726D000D1B3F9 /* SWTableViewCell.m in Sources */,
				F37246861AD3ED7600AD56E2 /* UIImageView+WebCache.m in Sources */,
				27769C181BB179DB00FD34AA /* AddDappLinksVC.swift in Sources */,
				274BB0CC1B99DD5900D6DC44 /* XIBView.swift in Sources */,
				4CD9C9801AA1D59900046CA2 /* ViewController.swift in Sources */,
				4CD9C9CC1AA1EC1A00046CA2 /* Misc.swift in Sources */,
				271431961AB0D27D002F9527 /* TwitterHelper.swift in Sources */,
				270C05891BB42A3E00C11435 /* LinkView.swift in Sources */,
				84D848841AC726D000D1B3F9 /* SWUtilityButtonView.m in Sources */,
				277D910E1BA71BD900941C7B /* SwipeableView.swift in Sources */,
				27FD3C0A1C7DF50F00826EBA /* EnterLinkCell.swift in Sources */,
				27BA7D821ABC2B4100E480AD /* DappsViewController.swift in Sources */,
				27FD3C081C7DF4FE00826EBA /* AddLinkCell.swift in Sources */,
				278B782A1AB86B0500EB39AB /* DappsDownloader.swift in Sources */,
				4CD9C97B1AA1D59900046CA2 /* AppDelegate.swift in Sources */,
				27DAEFF51BAFF83B001DA66D /* DappLinkCell.swift in Sources */,
				279A31261AB333AC00850508 /* Enums.swift in Sources */,
				271D0DC71ABAD8E400227DE7 /* Requests.swift in Sources */,
				277970FA1C7F284E006F70ED /* DappLinkHelper.swift in Sources */,
				4CD9C9C71AA1EC1A00046CA2 /* BlurView.swift in Sources */,
				27696F4A1BB3EDE800EE391F /* Link.swift in Sources */,
				27769C1A1BB179FF00FD34AA /* EditDappLinksVC.swift in Sources */,
				4CD9C97E1AA1D59900046CA2 /* DappSign.xcdatamodeld in Sources */,
				B377146A1ACD5A4200B5AE77 /* FacebookBridge.m in Sources */,
				277970FC1C7F6060006F70ED /* LinkCellInfoHelper.swift in Sources */,
				27AF93501B949B690017D8D2 /* PercentsView.swift in Sources */,
				27DDE9821C84AD7F00527953 /* ScoreboardVC.swift in Sources */,
				84C3D34E1AB4D4DD00E0F350 /* DappQueriesBuilder.swift in Sources */,
				84D8487F1AC726D000D1B3F9 /* NSMutableArray+SWUtilityButtons.m in Sources */,
				27DAEFEE1BAFF4DF001DA66D /* DappLinksView.swift in Sources */,
				27FD3C0C1C7DF51E00826EBA /* LinkCell.swift in Sources */,
				2702A60A1C89C582002BBBF6 /* DailyDappDatesHelper.swift in Sources */,
				F37246821AD3ED7600AD56E2 /* UIImage+GIF.m in Sources */,
				84D848831AC726D000D1B3F9 /* SWUtilityButtonTapGestureRecognizer.m in Sources */,
				F372467F1AD3ED7600AD56E2 /* SDWebImageManager.m in Sources */,
				279A31241AB31CE700850508 /* DappsTableViewController.swift in Sources */,
				4CD9C9CD1AA1EC1A00046CA2 /* SpringAnimation.swift in Sources */,
				4CD9C9BE1AA1EBBD00046CA2 /* HomeViewController.swift in Sources */,
				F372467B1AD3ED7600AD56E2 /* SDWebImageCompat.m in Sources */,
				279A31221AB30EA700850508 /* EditDappsTableViewController.swift in Sources */,
				4CD9C9CA1AA1EC1A00046CA2 /* Data.swift in Sources */,
				2714318D1AB0CA63002F9527 /* UIViewControllerAlertViewExtension.swift in Sources */,
				27810DF11AB7297300223350 /* IndexedDapps.swift in Sources */,
				84C3D3871AB6030E00E0F350 /* DappCardCell.swift in Sources */,
				F37246801AD3ED7600AD56E2 /* SDWebImagePrefetcher.m in Sources */,
				84D848811AC726D000D1B3F9 /* SWLongPressGestureRecognizer.m in Sources */,
				4CD9C9E61AA4FA1900046CA2 /* ProfileViewController.swift in Sources */,
				F37246871AD3ED7600AD56E2 /* UIView+WebCacheOperation.m in Sources */,
				F372467A1AD3ED7600AD56E2 /* SDImageCache.m in Sources */,
				27FD3C051C7DED6000826EBA /* DappLinksVC.swift in Sources */,
				27811A6A1B95C6FE007E97EE /* DappMappView.swift in Sources */,
				4CD9C9CB1AA1EC1A00046CA2 /* DesignableView.swift in Sources */,
				4CD9C9E41AA4425600046CA2 /* AddDappViewController.swift in Sources */,
			);
			runOnlyForDeploymentPostprocessing = 0;
		};
		4CD9C9891AA1D59900046CA2 /* Sources */ = {
			isa = PBXSourcesBuildPhase;
			buildActionMask = 2147483647;
			files = (
				4CD9C9941AA1D59900046CA2 /* DappSignTests.swift in Sources */,
			);
			runOnlyForDeploymentPostprocessing = 0;
		};
/* End PBXSourcesBuildPhase section */

/* Begin PBXTargetDependency section */
		4CD9C98F1AA1D59900046CA2 /* PBXTargetDependency */ = {
			isa = PBXTargetDependency;
			target = 4CD9C9741AA1D59900046CA2 /* DappSign */;
			targetProxy = 4CD9C98E1AA1D59900046CA2 /* PBXContainerItemProxy */;
		};
/* End PBXTargetDependency section */

/* Begin PBXVariantGroup section */
		4CD9C9811AA1D59900046CA2 /* Main.storyboard */ = {
			isa = PBXVariantGroup;
			children = (
				4CD9C9821AA1D59900046CA2 /* Base */,
			);
			name = Main.storyboard;
			sourceTree = "<group>";
		};
		4CD9C9861AA1D59900046CA2 /* LaunchScreen.xib */ = {
			isa = PBXVariantGroup;
			children = (
				4CD9C9871AA1D59900046CA2 /* Base */,
			);
			name = LaunchScreen.xib;
			sourceTree = "<group>";
		};
/* End PBXVariantGroup section */

/* Begin XCBuildConfiguration section */
		4CD9C9951AA1D59900046CA2 /* Debug */ = {
			isa = XCBuildConfiguration;
			buildSettings = {
				ALWAYS_SEARCH_USER_PATHS = NO;
				CLANG_CXX_LANGUAGE_STANDARD = "gnu++0x";
				CLANG_CXX_LIBRARY = "libc++";
				CLANG_ENABLE_MODULES = YES;
				CLANG_ENABLE_OBJC_ARC = YES;
				CLANG_WARN_BOOL_CONVERSION = YES;
				CLANG_WARN_CONSTANT_CONVERSION = YES;
				CLANG_WARN_DIRECT_OBJC_ISA_USAGE = YES_ERROR;
				CLANG_WARN_EMPTY_BODY = YES;
				CLANG_WARN_ENUM_CONVERSION = YES;
				CLANG_WARN_INT_CONVERSION = YES;
				CLANG_WARN_OBJC_ROOT_CLASS = YES_ERROR;
				CLANG_WARN_UNREACHABLE_CODE = YES;
				CLANG_WARN__DUPLICATE_METHOD_MATCH = YES;
				"CODE_SIGN_IDENTITY[sdk=iphoneos*]" = "iPhone Developer";
				COPY_PHASE_STRIP = NO;
				ENABLE_STRICT_OBJC_MSGSEND = YES;
				GCC_C_LANGUAGE_STANDARD = gnu99;
				GCC_DYNAMIC_NO_PIC = NO;
				GCC_OPTIMIZATION_LEVEL = 0;
				GCC_PREPROCESSOR_DEFINITIONS = (
					"DEBUG=1",
					"$(inherited)",
				);
				GCC_SYMBOLS_PRIVATE_EXTERN = NO;
				GCC_WARN_64_TO_32_BIT_CONVERSION = YES;
				GCC_WARN_ABOUT_RETURN_TYPE = YES_ERROR;
				GCC_WARN_UNDECLARED_SELECTOR = YES;
				GCC_WARN_UNINITIALIZED_AUTOS = YES_AGGRESSIVE;
				GCC_WARN_UNUSED_FUNCTION = YES;
				GCC_WARN_UNUSED_VARIABLE = YES;
				IPHONEOS_DEPLOYMENT_TARGET = 8.1;
				MTL_ENABLE_DEBUG_INFO = YES;
				ONLY_ACTIVE_ARCH = YES;
				SDKROOT = iphoneos;
				SWIFT_OPTIMIZATION_LEVEL = "-Onone";
			};
			name = Debug;
		};
		4CD9C9961AA1D59900046CA2 /* Release */ = {
			isa = XCBuildConfiguration;
			buildSettings = {
				ALWAYS_SEARCH_USER_PATHS = NO;
				CLANG_CXX_LANGUAGE_STANDARD = "gnu++0x";
				CLANG_CXX_LIBRARY = "libc++";
				CLANG_ENABLE_MODULES = YES;
				CLANG_ENABLE_OBJC_ARC = YES;
				CLANG_WARN_BOOL_CONVERSION = YES;
				CLANG_WARN_CONSTANT_CONVERSION = YES;
				CLANG_WARN_DIRECT_OBJC_ISA_USAGE = YES_ERROR;
				CLANG_WARN_EMPTY_BODY = YES;
				CLANG_WARN_ENUM_CONVERSION = YES;
				CLANG_WARN_INT_CONVERSION = YES;
				CLANG_WARN_OBJC_ROOT_CLASS = YES_ERROR;
				CLANG_WARN_UNREACHABLE_CODE = YES;
				CLANG_WARN__DUPLICATE_METHOD_MATCH = YES;
				"CODE_SIGN_IDENTITY[sdk=iphoneos*]" = "iPhone Developer";
				COPY_PHASE_STRIP = YES;
				ENABLE_NS_ASSERTIONS = NO;
				ENABLE_STRICT_OBJC_MSGSEND = YES;
				GCC_C_LANGUAGE_STANDARD = gnu99;
				GCC_WARN_64_TO_32_BIT_CONVERSION = YES;
				GCC_WARN_ABOUT_RETURN_TYPE = YES_ERROR;
				GCC_WARN_UNDECLARED_SELECTOR = YES;
				GCC_WARN_UNINITIALIZED_AUTOS = YES_AGGRESSIVE;
				GCC_WARN_UNUSED_FUNCTION = YES;
				GCC_WARN_UNUSED_VARIABLE = YES;
				IPHONEOS_DEPLOYMENT_TARGET = 8.1;
				MTL_ENABLE_DEBUG_INFO = NO;
				SDKROOT = iphoneos;
				VALIDATE_PRODUCT = YES;
			};
			name = Release;
		};
		4CD9C9981AA1D59900046CA2 /* Debug */ = {
			isa = XCBuildConfiguration;
			baseConfigurationReference = 675070C473162647AB60B5DC /* Pods-DappSign.debug.xcconfig */;
			buildSettings = {
				ASSETCATALOG_COMPILER_APPICON_NAME = AppIcon;
				ENABLE_BITCODE = NO;
				FRAMEWORK_SEARCH_PATHS = (
					"$(inherited)",
					"$(PROJECT_DIR)/DappSign",
					"$(PROJECT_DIR)",
					"\"$(SRCROOT)/DappSign/FacebookSDK.framework\"",
				);
				HEADER_SEARCH_PATHS = (
					"$(inherited)",
					/Applications/Xcode.app/Contents/Developer/Toolchains/XcodeDefault.xctoolchain/usr/include,
					/usr/include/libxml2,
				);
				INFOPLIST_FILE = DappSign/Info.plist;
				IPHONEOS_DEPLOYMENT_TARGET = 8.0;
				LD_RUNPATH_SEARCH_PATHS = "$(inherited) @executable_path/Frameworks";
				PRODUCT_NAME = "$(TARGET_NAME)";
				SWIFT_OBJC_BRIDGING_HEADER = "DappSign/Bridging-Header.h";
			};
			name = Debug;
		};
		4CD9C9991AA1D59900046CA2 /* Release */ = {
			isa = XCBuildConfiguration;
			baseConfigurationReference = C886EE679BC1674B59807AAB /* Pods-DappSign.release.xcconfig */;
			buildSettings = {
				ASSETCATALOG_COMPILER_APPICON_NAME = AppIcon;
				ENABLE_BITCODE = NO;
				FRAMEWORK_SEARCH_PATHS = (
					"$(inherited)",
					"$(PROJECT_DIR)/DappSign",
					"$(PROJECT_DIR)",
					"\"$(SRCROOT)/DappSign/FacebookSDK.framework\"",
				);
				HEADER_SEARCH_PATHS = (
					"$(inherited)",
					/Applications/Xcode.app/Contents/Developer/Toolchains/XcodeDefault.xctoolchain/usr/include,
					/usr/include/libxml2,
				);
				INFOPLIST_FILE = DappSign/Info.plist;
				IPHONEOS_DEPLOYMENT_TARGET = 8.0;
				LD_RUNPATH_SEARCH_PATHS = "$(inherited) @executable_path/Frameworks";
				PRODUCT_NAME = "$(TARGET_NAME)";
				SWIFT_OBJC_BRIDGING_HEADER = "DappSign/Bridging-Header.h";
			};
			name = Release;
		};
		4CD9C99B1AA1D59900046CA2 /* Debug */ = {
			isa = XCBuildConfiguration;
			baseConfigurationReference = 66EC7BFAEB1D53CB2FF2709D /* Pods-DappSignTests.debug.xcconfig */;
			buildSettings = {
				BUNDLE_LOADER = "$(TEST_HOST)";
				FRAMEWORK_SEARCH_PATHS = (
					"$(SDKROOT)/Developer/Library/Frameworks",
					"$(inherited)",
				);
				GCC_PREPROCESSOR_DEFINITIONS = (
					"DEBUG=1",
					"$(inherited)",
				);
				INFOPLIST_FILE = DappSignTests/Info.plist;
				LD_RUNPATH_SEARCH_PATHS = "$(inherited) @executable_path/Frameworks @loader_path/Frameworks";
				PRODUCT_NAME = "$(TARGET_NAME)";
				TEST_HOST = "$(BUILT_PRODUCTS_DIR)/DappSign.app/DappSign";
			};
			name = Debug;
		};
		4CD9C99C1AA1D59900046CA2 /* Release */ = {
			isa = XCBuildConfiguration;
			baseConfigurationReference = 9FFC6B2358C65BC5E5FD6B0A /* Pods-DappSignTests.release.xcconfig */;
			buildSettings = {
				BUNDLE_LOADER = "$(TEST_HOST)";
				FRAMEWORK_SEARCH_PATHS = (
					"$(SDKROOT)/Developer/Library/Frameworks",
					"$(inherited)",
				);
				INFOPLIST_FILE = DappSignTests/Info.plist;
				LD_RUNPATH_SEARCH_PATHS = "$(inherited) @executable_path/Frameworks @loader_path/Frameworks";
				PRODUCT_NAME = "$(TARGET_NAME)";
				TEST_HOST = "$(BUILT_PRODUCTS_DIR)/DappSign.app/DappSign";
			};
			name = Release;
		};
/* End XCBuildConfiguration section */

/* Begin XCConfigurationList section */
		4CD9C9701AA1D59900046CA2 /* Build configuration list for PBXProject "DappSign" */ = {
			isa = XCConfigurationList;
			buildConfigurations = (
				4CD9C9951AA1D59900046CA2 /* Debug */,
				4CD9C9961AA1D59900046CA2 /* Release */,
			);
			defaultConfigurationIsVisible = 0;
			defaultConfigurationName = Release;
		};
		4CD9C9971AA1D59900046CA2 /* Build configuration list for PBXNativeTarget "DappSign" */ = {
			isa = XCConfigurationList;
			buildConfigurations = (
				4CD9C9981AA1D59900046CA2 /* Debug */,
				4CD9C9991AA1D59900046CA2 /* Release */,
			);
			defaultConfigurationIsVisible = 0;
			defaultConfigurationName = Release;
		};
		4CD9C99A1AA1D59900046CA2 /* Build configuration list for PBXNativeTarget "DappSignTests" */ = {
			isa = XCConfigurationList;
			buildConfigurations = (
				4CD9C99B1AA1D59900046CA2 /* Debug */,
				4CD9C99C1AA1D59900046CA2 /* Release */,
			);
			defaultConfigurationIsVisible = 0;
			defaultConfigurationName = Release;
		};
/* End XCConfigurationList section */

/* Begin XCVersionGroup section */
		4CD9C97C1AA1D59900046CA2 /* DappSign.xcdatamodeld */ = {
			isa = XCVersionGroup;
			children = (
				4CD9C97D1AA1D59900046CA2 /* DappSign.xcdatamodel */,
			);
			currentVersion = 4CD9C97D1AA1D59900046CA2 /* DappSign.xcdatamodel */;
			path = DappSign.xcdatamodeld;
			sourceTree = "<group>";
			versionGroupType = wrapper.xcdatamodel;
		};
/* End XCVersionGroup section */
	};
	rootObject = 4CD9C96D1AA1D59900046CA2 /* Project object */;
}
